// !$*UTF8*$!
{
	archiveVersion = 1;
	classes = {
	};
	objectVersion = 46;
	objects = {

/* Begin PBXBuildFile section */
		230D7D87167DA17000EE89AA /* cat_face.cpp in Sources */ = {isa = PBXBuildFile; fileRef = 230D7D86167DA16F00EE89AA /* cat_face.cpp */; };
		233B5F661685AF2C006A6E31 /* Cocoa.framework in Frameworks */ = {isa = PBXBuildFile; fileRef = 234A801815E6C6DD00C4AFBC /* Cocoa.framework */; };
		233FEF9A168FDEDE003FCFE3 /* main.cpp in Sources */ = {isa = PBXBuildFile; fileRef = 2390F1F315E6C78500A0B545 /* main.cpp */; };
		233FEF9B168FE00D003FCFE3 /* octave_plot.cpp in Sources */ = {isa = PBXBuildFile; fileRef = 233FE768168FD098003FCFE3 /* octave_plot.cpp */; };
		233FEF9E168FE022003FCFE3 /* NathanSocket.cpp in Sources */ = {isa = PBXBuildFile; fileRef = 233FEF9C168FE022003FCFE3 /* NathanSocket.cpp */; };
		234A801915E6C6DD00C4AFBC /* Cocoa.framework in Frameworks */ = {isa = PBXBuildFile; fileRef = 234A801815E6C6DD00C4AFBC /* Cocoa.framework */; };
		234A802315E6C6DE00C4AFBC /* InfoPlist.strings in Resources */ = {isa = PBXBuildFile; fileRef = 234A802115E6C6DE00C4AFBC /* InfoPlist.strings */; };
		234A802915E6C6DE00C4AFBC /* Credits.rtf in Resources */ = {isa = PBXBuildFile; fileRef = 234A802715E6C6DE00C4AFBC /* Credits.rtf */; };
		23E12BBE17EABA7000DBC5F9 /* images in Resources */ = {isa = PBXBuildFile; fileRef = 23A3DD6D15E6F0160014DE2F /* images */; };
		23E12C3917EABC7300DBC5F9 /* Compatibility.cpp in Sources */ = {isa = PBXBuildFile; fileRef = 23E12BFC17EABC7300DBC5F9 /* Compatibility.cpp */; };
		23E12C3A17EABC7300DBC5F9 /* Compatibility.cpp in Sources */ = {isa = PBXBuildFile; fileRef = 23E12BFC17EABC7300DBC5F9 /* Compatibility.cpp */; };
		23E12C3B17EABC7300DBC5F9 /* GameDisplay.cpp in Sources */ = {isa = PBXBuildFile; fileRef = 23E12BFE17EABC7300DBC5F9 /* GameDisplay.cpp */; };
		23E12C3C17EABC7300DBC5F9 /* GameDisplay.cpp in Sources */ = {isa = PBXBuildFile; fileRef = 23E12BFE17EABC7300DBC5F9 /* GameDisplay.cpp */; };
		23E12C3D17EABC7300DBC5F9 /* GUIApp.cpp in Sources */ = {isa = PBXBuildFile; fileRef = 23E12C0117EABC7300DBC5F9 /* GUIApp.cpp */; };
		23E12C3E17EABC7300DBC5F9 /* GUIApp.cpp in Sources */ = {isa = PBXBuildFile; fileRef = 23E12C0117EABC7300DBC5F9 /* GUIApp.cpp */; };
		23E12C3F17EABC7300DBC5F9 /* GUIAudio.cpp in Sources */ = {isa = PBXBuildFile; fileRef = 23E12C0317EABC7300DBC5F9 /* GUIAudio.cpp */; };
		23E12C4017EABC7300DBC5F9 /* GUIAudio.cpp in Sources */ = {isa = PBXBuildFile; fileRef = 23E12C0317EABC7300DBC5F9 /* GUIAudio.cpp */; };
		23E12C4117EABC7300DBC5F9 /* GUIController.cpp in Sources */ = {isa = PBXBuildFile; fileRef = 23E12C0717EABC7300DBC5F9 /* GUIController.cpp */; };
		23E12C4217EABC7300DBC5F9 /* GUIController.cpp in Sources */ = {isa = PBXBuildFile; fileRef = 23E12C0717EABC7300DBC5F9 /* GUIController.cpp */; };
		23E12C4317EABC7300DBC5F9 /* GUIDropDownMenu.cpp in Sources */ = {isa = PBXBuildFile; fileRef = 23E12C0917EABC7300DBC5F9 /* GUIDropDownMenu.cpp */; };
		23E12C4417EABC7300DBC5F9 /* GUIDropDownMenu.cpp in Sources */ = {isa = PBXBuildFile; fileRef = 23E12C0917EABC7300DBC5F9 /* GUIDropDownMenu.cpp */; };
		23E12C4517EABC7300DBC5F9 /* GUIFonts in Resources */ = {isa = PBXBuildFile; fileRef = 23E12C0D17EABC7300DBC5F9 /* GUIFonts */; };
		23E12C4617EABC7300DBC5F9 /* GUIFonts in Resources */ = {isa = PBXBuildFile; fileRef = 23E12C0D17EABC7300DBC5F9 /* GUIFonts */; };
		23E12C4717EABC7300DBC5F9 /* GUIImage.cpp in Sources */ = {isa = PBXBuildFile; fileRef = 23E12C0E17EABC7300DBC5F9 /* GUIImage.cpp */; };
		23E12C4817EABC7300DBC5F9 /* GUIImage.cpp in Sources */ = {isa = PBXBuildFile; fileRef = 23E12C0E17EABC7300DBC5F9 /* GUIImage.cpp */; };
		23E12C4917EABC7300DBC5F9 /* GUIImageCache.cpp in Sources */ = {isa = PBXBuildFile; fileRef = 23E12C1017EABC7300DBC5F9 /* GUIImageCache.cpp */; };
		23E12C4A17EABC7300DBC5F9 /* GUIImageCache.cpp in Sources */ = {isa = PBXBuildFile; fileRef = 23E12C1017EABC7300DBC5F9 /* GUIImageCache.cpp */; };
		23E12C4B17EABC7300DBC5F9 /* GUIImages in Resources */ = {isa = PBXBuildFile; fileRef = 23E12C1217EABC7300DBC5F9 /* GUIImages */; };
		23E12C4C17EABC7300DBC5F9 /* GUIImages in Resources */ = {isa = PBXBuildFile; fileRef = 23E12C1217EABC7300DBC5F9 /* GUIImages */; };
		23E12C4D17EABC7300DBC5F9 /* GUIImageView.cpp in Sources */ = {isa = PBXBuildFile; fileRef = 23E12C1317EABC7300DBC5F9 /* GUIImageView.cpp */; };
		23E12C4E17EABC7300DBC5F9 /* GUIImageView.cpp in Sources */ = {isa = PBXBuildFile; fileRef = 23E12C1317EABC7300DBC5F9 /* GUIImageView.cpp */; };
		23E12C4F17EABC7300DBC5F9 /* GUILetter.cpp in Sources */ = {isa = PBXBuildFile; fileRef = 23E12C1517EABC7300DBC5F9 /* GUILetter.cpp */; };
		23E12C5017EABC7300DBC5F9 /* GUILetter.cpp in Sources */ = {isa = PBXBuildFile; fileRef = 23E12C1517EABC7300DBC5F9 /* GUILetter.cpp */; };
		23E12C5117EABC7300DBC5F9 /* GUIMsg.cpp in Sources */ = {isa = PBXBuildFile; fileRef = 23E12C1717EABC7300DBC5F9 /* GUIMsg.cpp */; };
		23E12C5217EABC7300DBC5F9 /* GUIMsg.cpp in Sources */ = {isa = PBXBuildFile; fileRef = 23E12C1717EABC7300DBC5F9 /* GUIMsg.cpp */; };
		23E12C5317EABC7300DBC5F9 /* GUIMsgNew.cpp in Sources */ = {isa = PBXBuildFile; fileRef = 23E12C1917EABC7300DBC5F9 /* GUIMsgNew.cpp */; };
		23E12C5417EABC7300DBC5F9 /* GUIMsgNew.cpp in Sources */ = {isa = PBXBuildFile; fileRef = 23E12C1917EABC7300DBC5F9 /* GUIMsgNew.cpp */; };
		23E12C5517EABC7300DBC5F9 /* GUIScrollView.cpp in Sources */ = {isa = PBXBuildFile; fileRef = 23E12C1B17EABC7300DBC5F9 /* GUIScrollView.cpp */; };
		23E12C5617EABC7300DBC5F9 /* GUIScrollView.cpp in Sources */ = {isa = PBXBuildFile; fileRef = 23E12C1B17EABC7300DBC5F9 /* GUIScrollView.cpp */; };
		23E12C5717EABC7300DBC5F9 /* GUISpreadsheet.cpp in Sources */ = {isa = PBXBuildFile; fileRef = 23E12C1D17EABC7300DBC5F9 /* GUISpreadsheet.cpp */; };
		23E12C5817EABC7300DBC5F9 /* GUISpreadsheet.cpp in Sources */ = {isa = PBXBuildFile; fileRef = 23E12C1D17EABC7300DBC5F9 /* GUISpreadsheet.cpp */; };
		23E12C5917EABC7300DBC5F9 /* GUITextViews.cpp in Sources */ = {isa = PBXBuildFile; fileRef = 23E12C1F17EABC7300DBC5F9 /* GUITextViews.cpp */; };
		23E12C5A17EABC7300DBC5F9 /* GUITextViews.cpp in Sources */ = {isa = PBXBuildFile; fileRef = 23E12C1F17EABC7300DBC5F9 /* GUITextViews.cpp */; };
		23E12C5B17EABC7300DBC5F9 /* GUITimer.cpp in Sources */ = {isa = PBXBuildFile; fileRef = 23E12C2117EABC7300DBC5F9 /* GUITimer.cpp */; };
		23E12C5C17EABC7300DBC5F9 /* GUITimer.cpp in Sources */ = {isa = PBXBuildFile; fileRef = 23E12C2117EABC7300DBC5F9 /* GUITimer.cpp */; };
		23E12C5D17EABC7300DBC5F9 /* GUIUtility.cpp in Sources */ = {isa = PBXBuildFile; fileRef = 23E12C2317EABC7300DBC5F9 /* GUIUtility.cpp */; };
		23E12C5E17EABC7300DBC5F9 /* GUIUtility.cpp in Sources */ = {isa = PBXBuildFile; fileRef = 23E12C2317EABC7300DBC5F9 /* GUIUtility.cpp */; };
		23E12C5F17EABC7300DBC5F9 /* GUIValBox.cpp in Sources */ = {isa = PBXBuildFile; fileRef = 23E12C2517EABC7300DBC5F9 /* GUIValBox.cpp */; };
		23E12C6017EABC7300DBC5F9 /* GUIValBox.cpp in Sources */ = {isa = PBXBuildFile; fileRef = 23E12C2517EABC7300DBC5F9 /* GUIValBox.cpp */; };
		23E12C6117EABC7300DBC5F9 /* GUIView.cpp in Sources */ = {isa = PBXBuildFile; fileRef = 23E12C2717EABC7300DBC5F9 /* GUIView.cpp */; };
		23E12C6217EABC7300DBC5F9 /* GUIView.cpp in Sources */ = {isa = PBXBuildFile; fileRef = 23E12C2717EABC7300DBC5F9 /* GUIView.cpp */; };
		23E12C6317EABC7300DBC5F9 /* GUIWindow.cpp in Sources */ = {isa = PBXBuildFile; fileRef = 23E12C2917EABC7300DBC5F9 /* GUIWindow.cpp */; };
		23E12C6417EABC7300DBC5F9 /* GUIWindow.cpp in Sources */ = {isa = PBXBuildFile; fileRef = 23E12C2917EABC7300DBC5F9 /* GUIWindow.cpp */; };
		23E12C6517EABC7300DBC5F9 /* includes in Resources */ = {isa = PBXBuildFile; fileRef = 23E12C2B17EABC7300DBC5F9 /* includes */; };
		23E12C6617EABC7300DBC5F9 /* includes in Resources */ = {isa = PBXBuildFile; fileRef = 23E12C2B17EABC7300DBC5F9 /* includes */; };
		23E12C6717EABC7300DBC5F9 /* Letter.cpp in Sources */ = {isa = PBXBuildFile; fileRef = 23E12C2C17EABC7300DBC5F9 /* Letter.cpp */; };
		23E12C6817EABC7300DBC5F9 /* Letter.cpp in Sources */ = {isa = PBXBuildFile; fileRef = 23E12C2C17EABC7300DBC5F9 /* Letter.cpp */; };
		23E12C6917EABC7300DBC5F9 /* Makefile in Sources */ = {isa = PBXBuildFile; fileRef = 23E12C2E17EABC7300DBC5F9 /* Makefile */; };
		23E12C6A17EABC7300DBC5F9 /* Makefile in Sources */ = {isa = PBXBuildFile; fileRef = 23E12C2E17EABC7300DBC5F9 /* Makefile */; };
		23E12C6B17EABC7300DBC5F9 /* NewNewGUITextView.cpp in Sources */ = {isa = PBXBuildFile; fileRef = 23E12C3017EABC7300DBC5F9 /* NewNewGUITextView.cpp */; };
		23E12C6C17EABC7300DBC5F9 /* NewNewGUITextView.cpp in Sources */ = {isa = PBXBuildFile; fileRef = 23E12C3017EABC7300DBC5F9 /* NewNewGUITextView.cpp */; };
		23E12C6D17EABC7300DBC5F9 /* SDL_image.framework in Frameworks */ = {isa = PBXBuildFile; fileRef = 23E12C3317EABC7300DBC5F9 /* SDL_image.framework */; };
		23E12C6E17EABC7300DBC5F9 /* SDL_image.framework in Frameworks */ = {isa = PBXBuildFile; fileRef = 23E12C3317EABC7300DBC5F9 /* SDL_image.framework */; };
		23E12C6F17EABC7300DBC5F9 /* SDL_mixer.framework in Frameworks */ = {isa = PBXBuildFile; fileRef = 23E12C3417EABC7300DBC5F9 /* SDL_mixer.framework */; };
		23E12C7017EABC7300DBC5F9 /* SDL_mixer.framework in Frameworks */ = {isa = PBXBuildFile; fileRef = 23E12C3417EABC7300DBC5F9 /* SDL_mixer.framework */; };
		23E12C7117EABC7300DBC5F9 /* SDL_ttf.framework in Frameworks */ = {isa = PBXBuildFile; fileRef = 23E12C3517EABC7300DBC5F9 /* SDL_ttf.framework */; };
		23E12C7217EABC7300DBC5F9 /* SDL_ttf.framework in Frameworks */ = {isa = PBXBuildFile; fileRef = 23E12C3517EABC7300DBC5F9 /* SDL_ttf.framework */; };
		23E12C7317EABC7300DBC5F9 /* SDL.framework in Frameworks */ = {isa = PBXBuildFile; fileRef = 23E12C3617EABC7300DBC5F9 /* SDL.framework */; };
		23E12C7417EABC7300DBC5F9 /* SDL.framework in Frameworks */ = {isa = PBXBuildFile; fileRef = 23E12C3617EABC7300DBC5F9 /* SDL.framework */; };
		23E12C7517EABC7300DBC5F9 /* SDLMain.m in Sources */ = {isa = PBXBuildFile; fileRef = 23E12C3817EABC7300DBC5F9 /* SDLMain.m */; };
		23E12C7617EABC7300DBC5F9 /* SDLMain.m in Sources */ = {isa = PBXBuildFile; fileRef = 23E12C3817EABC7300DBC5F9 /* SDLMain.m */; };
/* End PBXBuildFile section */

/* Begin PBXCopyFilesBuildPhase section */
		2390F1EE15E6C75E00A0B545 /* CopyFiles */ = {
			isa = PBXCopyFilesBuildPhase;
			buildActionMask = 2147483647;
			dstPath = "";
			dstSubfolderSpec = 10;
			files = (
			);
			runOnlyForDeploymentPostprocessing = 0;
		};
/* End PBXCopyFilesBuildPhase section */

/* Begin PBXFileReference section */
		230D7D85167DA16500EE89AA /* cat_face.h */ = {isa = PBXFileReference; fileEncoding = 4; lastKnownFileType = sourcecode.c.h; path = cat_face.h; sourceTree = "<group>"; };
		230D7D86167DA16F00EE89AA /* cat_face.cpp */ = {isa = PBXFileReference; fileEncoding = 4; lastKnownFileType = sourcecode.cpp.cpp; path = cat_face.cpp; sourceTree = "<group>"; };
		230D7D8E167DADF100EE89AA /* animation.h */ = {isa = PBXFileReference; fileEncoding = 4; lastKnownFileType = sourcecode.c.h; path = animation.h; sourceTree = "<group>"; };
		233B5F641685AF2C006A6E31 /* Window_Renderer.app */ = {isa = PBXFileReference; explicitFileType = wrapper.application; includeInIndex = 0; path = Window_Renderer.app; sourceTree = BUILT_PRODUCTS_DIR; };
		233FE768168FD098003FCFE3 /* octave_plot.cpp */ = {isa = PBXFileReference; fileEncoding = 4; lastKnownFileType = sourcecode.cpp.cpp; path = octave_plot.cpp; sourceTree = "<group>"; };
		233FE76B168FD0A1003FCFE3 /* octave_plot.h */ = {isa = PBXFileReference; fileEncoding = 4; lastKnownFileType = sourcecode.c.h; path = octave_plot.h; sourceTree = "<group>"; };
		233FE76C168FD5F7003FCFE3 /* test_main.cpp */ = {isa = PBXFileReference; fileEncoding = 4; lastKnownFileType = sourcecode.cpp.cpp; path = test_main.cpp; sourceTree = "<group>"; };
		233FEF9C168FE022003FCFE3 /* NathanSocket.cpp */ = {isa = PBXFileReference; fileEncoding = 4; lastKnownFileType = sourcecode.cpp.cpp; path = NathanSocket.cpp; sourceTree = "<group>"; };
		233FEF9D168FE022003FCFE3 /* NathanSocket.h */ = {isa = PBXFileReference; fileEncoding = 4; lastKnownFileType = sourcecode.c.h; path = NathanSocket.h; sourceTree = "<group>"; };
		234A801415E6C6DD00C4AFBC /* Deep.app */ = {isa = PBXFileReference; explicitFileType = wrapper.application; includeInIndex = 0; path = Deep.app; sourceTree = BUILT_PRODUCTS_DIR; };
		234A801815E6C6DD00C4AFBC /* Cocoa.framework */ = {isa = PBXFileReference; lastKnownFileType = wrapper.framework; name = Cocoa.framework; path = System/Library/Frameworks/Cocoa.framework; sourceTree = SDKROOT; };
		234A801B15E6C6DD00C4AFBC /* AppKit.framework */ = {isa = PBXFileReference; lastKnownFileType = wrapper.framework; name = AppKit.framework; path = System/Library/Frameworks/AppKit.framework; sourceTree = SDKROOT; };
		234A801C15E6C6DD00C4AFBC /* CoreData.framework */ = {isa = PBXFileReference; lastKnownFileType = wrapper.framework; name = CoreData.framework; path = System/Library/Frameworks/CoreData.framework; sourceTree = SDKROOT; };
		234A801D15E6C6DD00C4AFBC /* Foundation.framework */ = {isa = PBXFileReference; lastKnownFileType = wrapper.framework; name = Foundation.framework; path = System/Library/Frameworks/Foundation.framework; sourceTree = SDKROOT; };
		234A802015E6C6DE00C4AFBC /* Deep-Info.plist */ = {isa = PBXFileReference; lastKnownFileType = text.plist.xml; path = "Deep-Info.plist"; sourceTree = "<group>"; };
		234A802215E6C6DE00C4AFBC /* en */ = {isa = PBXFileReference; lastKnownFileType = text.plist.strings; name = en; path = en.lproj/InfoPlist.strings; sourceTree = "<group>"; };
		234A802615E6C6DE00C4AFBC /* Deep-Prefix.pch */ = {isa = PBXFileReference; lastKnownFileType = sourcecode.c.h; path = "Deep-Prefix.pch"; sourceTree = "<group>"; };
		234A802815E6C6DE00C4AFBC /* en */ = {isa = PBXFileReference; lastKnownFileType = text.rtf; name = en; path = en.lproj/Credits.rtf; sourceTree = "<group>"; };
		2390F1F315E6C78500A0B545 /* main.cpp */ = {isa = PBXFileReference; fileEncoding = 4; lastKnownFileType = sourcecode.cpp.cpp; path = main.cpp; sourceTree = "<group>"; };
		23A3DD6D15E6F0160014DE2F /* images */ = {isa = PBXFileReference; lastKnownFileType = folder; path = images; sourceTree = "<group>"; };
		23E12BFC17EABC7300DBC5F9 /* Compatibility.cpp */ = {isa = PBXFileReference; fileEncoding = 4; lastKnownFileType = sourcecode.cpp.cpp; name = Compatibility.cpp; path = gui/Compatibility.cpp; sourceTree = "<group>"; };
		23E12BFD17EABC7300DBC5F9 /* Compatibility.h */ = {isa = PBXFileReference; fileEncoding = 4; lastKnownFileType = sourcecode.c.h; name = Compatibility.h; path = gui/Compatibility.h; sourceTree = "<group>"; };
		23E12BFE17EABC7300DBC5F9 /* GameDisplay.cpp */ = {isa = PBXFileReference; fileEncoding = 4; lastKnownFileType = sourcecode.cpp.cpp; name = GameDisplay.cpp; path = gui/GameDisplay.cpp; sourceTree = "<group>"; };
		23E12BFF17EABC7300DBC5F9 /* GameDisplay.h */ = {isa = PBXFileReference; fileEncoding = 4; lastKnownFileType = sourcecode.c.h; name = GameDisplay.h; path = gui/GameDisplay.h; sourceTree = "<group>"; };
		23E12C0017EABC7300DBC5F9 /* gui.h */ = {isa = PBXFileReference; fileEncoding = 4; lastKnownFileType = sourcecode.c.h; name = gui.h; path = gui/gui.h; sourceTree = "<group>"; };
		23E12C0117EABC7300DBC5F9 /* GUIApp.cpp */ = {isa = PBXFileReference; fileEncoding = 4; lastKnownFileType = sourcecode.cpp.cpp; name = GUIApp.cpp; path = gui/GUIApp.cpp; sourceTree = "<group>"; };
		23E12C0217EABC7300DBC5F9 /* GUIApp.h */ = {isa = PBXFileReference; fileEncoding = 4; lastKnownFileType = sourcecode.c.h; name = GUIApp.h; path = gui/GUIApp.h; sourceTree = "<group>"; };
		23E12C0317EABC7300DBC5F9 /* GUIAudio.cpp */ = {isa = PBXFileReference; fileEncoding = 4; lastKnownFileType = sourcecode.cpp.cpp; name = GUIAudio.cpp; path = gui/GUIAudio.cpp; sourceTree = "<group>"; };
		23E12C0417EABC7300DBC5F9 /* GUIAudio.h */ = {isa = PBXFileReference; fileEncoding = 4; lastKnownFileType = sourcecode.c.h; name = GUIAudio.h; path = gui/GUIAudio.h; sourceTree = "<group>"; };
		23E12C0517EABC7300DBC5F9 /* GUIButton.h */ = {isa = PBXFileReference; fileEncoding = 4; lastKnownFileType = sourcecode.c.h; name = GUIButton.h; path = gui/GUIButton.h; sourceTree = "<group>"; };
		23E12C0617EABC7300DBC5F9 /* GUIColors.h */ = {isa = PBXFileReference; fileEncoding = 4; lastKnownFileType = sourcecode.c.h; name = GUIColors.h; path = gui/GUIColors.h; sourceTree = "<group>"; };
		23E12C0717EABC7300DBC5F9 /* GUIController.cpp */ = {isa = PBXFileReference; fileEncoding = 4; lastKnownFileType = sourcecode.cpp.cpp; name = GUIController.cpp; path = gui/GUIController.cpp; sourceTree = "<group>"; };
		23E12C0817EABC7300DBC5F9 /* GUIController.h */ = {isa = PBXFileReference; fileEncoding = 4; lastKnownFileType = sourcecode.c.h; name = GUIController.h; path = gui/GUIController.h; sourceTree = "<group>"; };
		23E12C0917EABC7300DBC5F9 /* GUIDropDownMenu.cpp */ = {isa = PBXFileReference; fileEncoding = 4; lastKnownFileType = sourcecode.cpp.cpp; name = GUIDropDownMenu.cpp; path = gui/GUIDropDownMenu.cpp; sourceTree = "<group>"; };
		23E12C0A17EABC7300DBC5F9 /* GUIDropDownMenu.h */ = {isa = PBXFileReference; fileEncoding = 4; lastKnownFileType = sourcecode.c.h; name = GUIDropDownMenu.h; path = gui/GUIDropDownMenu.h; sourceTree = "<group>"; };
		23E12C0B17EABC7300DBC5F9 /* GUIExceptionHandling_Impl.h */ = {isa = PBXFileReference; fileEncoding = 4; lastKnownFileType = sourcecode.c.h; name = GUIExceptionHandling_Impl.h; path = gui/GUIExceptionHandling_Impl.h; sourceTree = "<group>"; };
		23E12C0C17EABC7300DBC5F9 /* GUIExceptionHandling.h */ = {isa = PBXFileReference; fileEncoding = 4; lastKnownFileType = sourcecode.c.h; name = GUIExceptionHandling.h; path = gui/GUIExceptionHandling.h; sourceTree = "<group>"; };
		23E12C0D17EABC7300DBC5F9 /* GUIFonts */ = {isa = PBXFileReference; lastKnownFileType = folder; name = GUIFonts; path = gui/GUIFonts; sourceTree = "<group>"; };
		23E12C0E17EABC7300DBC5F9 /* GUIImage.cpp */ = {isa = PBXFileReference; fileEncoding = 4; lastKnownFileType = sourcecode.cpp.cpp; name = GUIImage.cpp; path = gui/GUIImage.cpp; sourceTree = "<group>"; };
		23E12C0F17EABC7300DBC5F9 /* GUIImage.h */ = {isa = PBXFileReference; fileEncoding = 4; lastKnownFileType = sourcecode.c.h; name = GUIImage.h; path = gui/GUIImage.h; sourceTree = "<group>"; };
		23E12C1017EABC7300DBC5F9 /* GUIImageCache.cpp */ = {isa = PBXFileReference; fileEncoding = 4; lastKnownFileType = sourcecode.cpp.cpp; name = GUIImageCache.cpp; path = gui/GUIImageCache.cpp; sourceTree = "<group>"; };
		23E12C1117EABC7300DBC5F9 /* GUIImageCache.h */ = {isa = PBXFileReference; fileEncoding = 4; lastKnownFileType = sourcecode.c.h; name = GUIImageCache.h; path = gui/GUIImageCache.h; sourceTree = "<group>"; };
		23E12C1217EABC7300DBC5F9 /* GUIImages */ = {isa = PBXFileReference; lastKnownFileType = folder; name = GUIImages; path = gui/GUIImages; sourceTree = "<group>"; };
		23E12C1317EABC7300DBC5F9 /* GUIImageView.cpp */ = {isa = PBXFileReference; fileEncoding = 4; lastKnownFileType = sourcecode.cpp.cpp; name = GUIImageView.cpp; path = gui/GUIImageView.cpp; sourceTree = "<group>"; };
		23E12C1417EABC7300DBC5F9 /* GUIImageView.h */ = {isa = PBXFileReference; fileEncoding = 4; lastKnownFileType = sourcecode.c.h; name = GUIImageView.h; path = gui/GUIImageView.h; sourceTree = "<group>"; };
		23E12C1517EABC7300DBC5F9 /* GUILetter.cpp */ = {isa = PBXFileReference; fileEncoding = 4; lastKnownFileType = sourcecode.cpp.cpp; name = GUILetter.cpp; path = gui/GUILetter.cpp; sourceTree = "<group>"; };
		23E12C1617EABC7300DBC5F9 /* GUILetter.h */ = {isa = PBXFileReference; fileEncoding = 4; lastKnownFileType = sourcecode.c.h; name = GUILetter.h; path = gui/GUILetter.h; sourceTree = "<group>"; };
		23E12C1717EABC7300DBC5F9 /* GUIMsg.cpp */ = {isa = PBXFileReference; fileEncoding = 4; lastKnownFileType = sourcecode.cpp.cpp; name = GUIMsg.cpp; path = gui/GUIMsg.cpp; sourceTree = "<group>"; };
		23E12C1817EABC7300DBC5F9 /* GUIMsg.h */ = {isa = PBXFileReference; fileEncoding = 4; lastKnownFileType = sourcecode.c.h; name = GUIMsg.h; path = gui/GUIMsg.h; sourceTree = "<group>"; };
		23E12C1917EABC7300DBC5F9 /* GUIMsgNew.cpp */ = {isa = PBXFileReference; fileEncoding = 4; lastKnownFileType = sourcecode.cpp.cpp; name = GUIMsgNew.cpp; path = gui/GUIMsgNew.cpp; sourceTree = "<group>"; };
		23E12C1A17EABC7300DBC5F9 /* GUIMsgNew.h */ = {isa = PBXFileReference; fileEncoding = 4; lastKnownFileType = sourcecode.c.h; name = GUIMsgNew.h; path = gui/GUIMsgNew.h; sourceTree = "<group>"; };
		23E12C1B17EABC7300DBC5F9 /* GUIScrollView.cpp */ = {isa = PBXFileReference; fileEncoding = 4; lastKnownFileType = sourcecode.cpp.cpp; name = GUIScrollView.cpp; path = gui/GUIScrollView.cpp; sourceTree = "<group>"; };
		23E12C1C17EABC7300DBC5F9 /* GUIScrollView.h */ = {isa = PBXFileReference; fileEncoding = 4; lastKnownFileType = sourcecode.c.h; name = GUIScrollView.h; path = gui/GUIScrollView.h; sourceTree = "<group>"; };
		23E12C1D17EABC7300DBC5F9 /* GUISpreadsheet.cpp */ = {isa = PBXFileReference; fileEncoding = 4; lastKnownFileType = sourcecode.cpp.cpp; name = GUISpreadsheet.cpp; path = gui/GUISpreadsheet.cpp; sourceTree = "<group>"; };
		23E12C1E17EABC7300DBC5F9 /* GUISpreadsheet.h */ = {isa = PBXFileReference; fileEncoding = 4; lastKnownFileType = sourcecode.c.h; name = GUISpreadsheet.h; path = gui/GUISpreadsheet.h; sourceTree = "<group>"; };
		23E12C1F17EABC7300DBC5F9 /* GUITextViews.cpp */ = {isa = PBXFileReference; fileEncoding = 4; lastKnownFileType = sourcecode.cpp.cpp; name = GUITextViews.cpp; path = gui/GUITextViews.cpp; sourceTree = "<group>"; };
		23E12C2017EABC7300DBC5F9 /* GUITextViews.h */ = {isa = PBXFileReference; fileEncoding = 4; lastKnownFileType = sourcecode.c.h; name = GUITextViews.h; path = gui/GUITextViews.h; sourceTree = "<group>"; };
		23E12C2117EABC7300DBC5F9 /* GUITimer.cpp */ = {isa = PBXFileReference; fileEncoding = 4; lastKnownFileType = sourcecode.cpp.cpp; name = GUITimer.cpp; path = gui/GUITimer.cpp; sourceTree = "<group>"; };
		23E12C2217EABC7300DBC5F9 /* GUITimer.h */ = {isa = PBXFileReference; fileEncoding = 4; lastKnownFileType = sourcecode.c.h; name = GUITimer.h; path = gui/GUITimer.h; sourceTree = "<group>"; };
		23E12C2317EABC7300DBC5F9 /* GUIUtility.cpp */ = {isa = PBXFileReference; fileEncoding = 4; lastKnownFileType = sourcecode.cpp.cpp; name = GUIUtility.cpp; path = gui/GUIUtility.cpp; sourceTree = "<group>"; };
		23E12C2417EABC7300DBC5F9 /* GUIUtility.h */ = {isa = PBXFileReference; fileEncoding = 4; lastKnownFileType = sourcecode.c.h; name = GUIUtility.h; path = gui/GUIUtility.h; sourceTree = "<group>"; };
		23E12C2517EABC7300DBC5F9 /* GUIValBox.cpp */ = {isa = PBXFileReference; fileEncoding = 4; lastKnownFileType = sourcecode.cpp.cpp; name = GUIValBox.cpp; path = gui/GUIValBox.cpp; sourceTree = "<group>"; };
		23E12C2617EABC7300DBC5F9 /* GUIValBox.h */ = {isa = PBXFileReference; fileEncoding = 4; lastKnownFileType = sourcecode.c.h; name = GUIValBox.h; path = gui/GUIValBox.h; sourceTree = "<group>"; };
		23E12C2717EABC7300DBC5F9 /* GUIView.cpp */ = {isa = PBXFileReference; fileEncoding = 4; lastKnownFileType = sourcecode.cpp.cpp; name = GUIView.cpp; path = gui/GUIView.cpp; sourceTree = "<group>"; };
		23E12C2817EABC7300DBC5F9 /* GUIView.h */ = {isa = PBXFileReference; fileEncoding = 4; lastKnownFileType = sourcecode.c.h; name = GUIView.h; path = gui/GUIView.h; sourceTree = "<group>"; };
		23E12C2917EABC7300DBC5F9 /* GUIWindow.cpp */ = {isa = PBXFileReference; fileEncoding = 4; lastKnownFileType = sourcecode.cpp.cpp; name = GUIWindow.cpp; path = gui/GUIWindow.cpp; sourceTree = "<group>"; };
		23E12C2A17EABC7300DBC5F9 /* GUIWindow.h */ = {isa = PBXFileReference; fileEncoding = 4; lastKnownFileType = sourcecode.c.h; name = GUIWindow.h; path = gui/GUIWindow.h; sourceTree = "<group>"; };
		23E12C2B17EABC7300DBC5F9 /* includes */ = {isa = PBXFileReference; lastKnownFileType = folder; name = includes; path = gui/includes; sourceTree = "<group>"; };
		23E12C2C17EABC7300DBC5F9 /* Letter.cpp */ = {isa = PBXFileReference; fileEncoding = 4; lastKnownFileType = sourcecode.cpp.cpp; name = Letter.cpp; path = gui/Letter.cpp; sourceTree = "<group>"; };
		23E12C2D17EABC7300DBC5F9 /* Letter.h */ = {isa = PBXFileReference; fileEncoding = 4; lastKnownFileType = sourcecode.c.h; name = Letter.h; path = gui/Letter.h; sourceTree = "<group>"; };
		23E12C2E17EABC7300DBC5F9 /* Makefile */ = {isa = PBXFileReference; fileEncoding = 4; lastKnownFileType = sourcecode.make; name = Makefile; path = gui/Makefile; sourceTree = "<group>"; };
		23E12C2F17EABC7300DBC5F9 /* NathanSingleton.h */ = {isa = PBXFileReference; fileEncoding = 4; lastKnownFileType = sourcecode.c.h; name = NathanSingleton.h; path = gui/NathanSingleton.h; sourceTree = "<group>"; };
		23E12C3017EABC7300DBC5F9 /* NewNewGUITextView.cpp */ = {isa = PBXFileReference; fileEncoding = 4; lastKnownFileType = sourcecode.cpp.cpp; name = NewNewGUITextView.cpp; path = gui/NewNewGUITextView.cpp; sourceTree = "<group>"; };
		23E12C3117EABC7300DBC5F9 /* NewNewGUITextView.h */ = {isa = PBXFileReference; fileEncoding = 4; lastKnownFileType = sourcecode.c.h; name = NewNewGUITextView.h; path = gui/NewNewGUITextView.h; sourceTree = "<group>"; };
		23E12C3217EABC7300DBC5F9 /* Ptr_config.h */ = {isa = PBXFileReference; fileEncoding = 4; lastKnownFileType = sourcecode.c.h; name = Ptr_config.h; path = gui/Ptr_config.h; sourceTree = "<group>"; };
		23E12C3317EABC7300DBC5F9 /* SDL_image.framework */ = {isa = PBXFileReference; lastKnownFileType = wrapper.framework; name = SDL_image.framework; path = gui/SDL_image.framework; sourceTree = "<group>"; };
		23E12C3417EABC7300DBC5F9 /* SDL_mixer.framework */ = {isa = PBXFileReference; lastKnownFileType = wrapper.framework; name = SDL_mixer.framework; path = gui/SDL_mixer.framework; sourceTree = "<group>"; };
		23E12C3517EABC7300DBC5F9 /* SDL_ttf.framework */ = {isa = PBXFileReference; lastKnownFileType = wrapper.framework; name = SDL_ttf.framework; path = gui/SDL_ttf.framework; sourceTree = "<group>"; };
		23E12C3617EABC7300DBC5F9 /* SDL.framework */ = {isa = PBXFileReference; lastKnownFileType = wrapper.framework; name = SDL.framework; path = gui/SDL.framework; sourceTree = "<group>"; };
		23E12C3717EABC7300DBC5F9 /* SDLMain.h */ = {isa = PBXFileReference; fileEncoding = 4; lastKnownFileType = sourcecode.c.h; name = SDLMain.h; path = gui/SDLMain.h; sourceTree = "<group>"; };
		23E12C3817EABC7300DBC5F9 /* SDLMain.m */ = {isa = PBXFileReference; fileEncoding = 4; lastKnownFileType = sourcecode.c.objc; name = SDLMain.m; path = gui/SDLMain.m; sourceTree = "<group>"; };
/* End PBXFileReference section */

/* Begin PBXFrameworksBuildPhase section */
		233B5F611685AF2C006A6E31 /* Frameworks */ = {
			isa = PBXFrameworksBuildPhase;
			buildActionMask = 2147483647;
			files = (
				233B5F661685AF2C006A6E31 /* Cocoa.framework in Frameworks */,
				23E12C6E17EABC7300DBC5F9 /* SDL_image.framework in Frameworks */,
				23E12C7017EABC7300DBC5F9 /* SDL_mixer.framework in Frameworks */,
				23E12C7217EABC7300DBC5F9 /* SDL_ttf.framework in Frameworks */,
				23E12C7417EABC7300DBC5F9 /* SDL.framework in Frameworks */,
			);
			runOnlyForDeploymentPostprocessing = 0;
		};
		234A801115E6C6DD00C4AFBC /* Frameworks */ = {
			isa = PBXFrameworksBuildPhase;
			buildActionMask = 2147483647;
			files = (
				234A801915E6C6DD00C4AFBC /* Cocoa.framework in Frameworks */,
				23E12C6D17EABC7300DBC5F9 /* SDL_image.framework in Frameworks */,
				23E12C6F17EABC7300DBC5F9 /* SDL_mixer.framework in Frameworks */,
				23E12C7117EABC7300DBC5F9 /* SDL_ttf.framework in Frameworks */,
				23E12C7317EABC7300DBC5F9 /* SDL.framework in Frameworks */,
			);
			runOnlyForDeploymentPostprocessing = 0;
		};
/* End PBXFrameworksBuildPhase section */

/* Begin PBXGroup section */
		234A800915E6C6DD00C4AFBC = {
			isa = PBXGroup;
			children = (
				234A801E15E6C6DD00C4AFBC /* Deep */,
				234A801715E6C6DD00C4AFBC /* Frameworks */,
				234A801515E6C6DD00C4AFBC /* Products */,
			);
			sourceTree = "<group>";
		};
		234A801515E6C6DD00C4AFBC /* Products */ = {
			isa = PBXGroup;
			children = (
				234A801415E6C6DD00C4AFBC /* Deep.app */,
				233B5F641685AF2C006A6E31 /* Window_Renderer.app */,
			);
			name = Products;
			sourceTree = "<group>";
		};
		234A801715E6C6DD00C4AFBC /* Frameworks */ = {
			isa = PBXGroup;
			children = (
				234A801815E6C6DD00C4AFBC /* Cocoa.framework */,
				234A801A15E6C6DD00C4AFBC /* Other Frameworks */,
			);
			name = Frameworks;
			sourceTree = "<group>";
		};
		234A801A15E6C6DD00C4AFBC /* Other Frameworks */ = {
			isa = PBXGroup;
			children = (
				234A801B15E6C6DD00C4AFBC /* AppKit.framework */,
				234A801C15E6C6DD00C4AFBC /* CoreData.framework */,
				234A801D15E6C6DD00C4AFBC /* Foundation.framework */,
			);
			name = "Other Frameworks";
			sourceTree = "<group>";
		};
		234A801E15E6C6DD00C4AFBC /* Deep */ = {
			isa = PBXGroup;
			children = (
				2390F1F315E6C78500A0B545 /* main.cpp */,
				233FEF9C168FE022003FCFE3 /* NathanSocket.cpp */,
				233FEF9D168FE022003FCFE3 /* NathanSocket.h */,
				233FE768168FD098003FCFE3 /* octave_plot.cpp */,
				233FE76B168FD0A1003FCFE3 /* octave_plot.h */,
				233FE76C168FD5F7003FCFE3 /* test_main.cpp */,
				230D7D86167DA16F00EE89AA /* cat_face.cpp */,
				230D7D85167DA16500EE89AA /* cat_face.h */,
				230D7D8E167DADF100EE89AA /* animation.h */,
				234A801F15E6C6DE00C4AFBC /* Supporting Files */,
			);
			name = Deep;
			path = deep;
			sourceTree = "<group>";
		};
		234A801F15E6C6DE00C4AFBC /* Supporting Files */ = {
			isa = PBXGroup;
			children = (
				23CC91DA1776501800B478C3 /* gui */,
				23A3DD6D15E6F0160014DE2F /* images */,
				234A802015E6C6DE00C4AFBC /* Deep-Info.plist */,
				234A802115E6C6DE00C4AFBC /* InfoPlist.strings */,
				234A802615E6C6DE00C4AFBC /* Deep-Prefix.pch */,
				234A802715E6C6DE00C4AFBC /* Credits.rtf */,
			);
			name = "Supporting Files";
			sourceTree = "<group>";
		};
		23CC91DA1776501800B478C3 /* gui */ = {
			isa = PBXGroup;
			children = (
				23E12BFC17EABC7300DBC5F9 /* Compatibility.cpp */,
				23E12BFD17EABC7300DBC5F9 /* Compatibility.h */,
				23E12BFE17EABC7300DBC5F9 /* GameDisplay.cpp */,
				23E12BFF17EABC7300DBC5F9 /* GameDisplay.h */,
				23E12C0017EABC7300DBC5F9 /* gui.h */,
				23E12C0117EABC7300DBC5F9 /* GUIApp.cpp */,
				23E12C0217EABC7300DBC5F9 /* GUIApp.h */,
				23E12C0317EABC7300DBC5F9 /* GUIAudio.cpp */,
				23E12C0417EABC7300DBC5F9 /* GUIAudio.h */,
				23E12C0517EABC7300DBC5F9 /* GUIButton.h */,
				23E12C0617EABC7300DBC5F9 /* GUIColors.h */,
				23E12C0717EABC7300DBC5F9 /* GUIController.cpp */,
				23E12C0817EABC7300DBC5F9 /* GUIController.h */,
				23E12C0917EABC7300DBC5F9 /* GUIDropDownMenu.cpp */,
				23E12C0A17EABC7300DBC5F9 /* GUIDropDownMenu.h */,
				23E12C0B17EABC7300DBC5F9 /* GUIExceptionHandling_Impl.h */,
				23E12C0C17EABC7300DBC5F9 /* GUIExceptionHandling.h */,
				23E12C0D17EABC7300DBC5F9 /* GUIFonts */,
				23E12C0E17EABC7300DBC5F9 /* GUIImage.cpp */,
				23E12C0F17EABC7300DBC5F9 /* GUIImage.h */,
				23E12C1017EABC7300DBC5F9 /* GUIImageCache.cpp */,
				23E12C1117EABC7300DBC5F9 /* GUIImageCache.h */,
				23E12C1217EABC7300DBC5F9 /* GUIImages */,
				23E12C1317EABC7300DBC5F9 /* GUIImageView.cpp */,
				23E12C1417EABC7300DBC5F9 /* GUIImageView.h */,
				23E12C1517EABC7300DBC5F9 /* GUILetter.cpp */,
				23E12C1617EABC7300DBC5F9 /* GUILetter.h */,
				23E12C1717EABC7300DBC5F9 /* GUIMsg.cpp */,
				23E12C1817EABC7300DBC5F9 /* GUIMsg.h */,
				23E12C1917EABC7300DBC5F9 /* GUIMsgNew.cpp */,
				23E12C1A17EABC7300DBC5F9 /* GUIMsgNew.h */,
				23E12C1B17EABC7300DBC5F9 /* GUIScrollView.cpp */,
				23E12C1C17EABC7300DBC5F9 /* GUIScrollView.h */,
				23E12C1D17EABC7300DBC5F9 /* GUISpreadsheet.cpp */,
				23E12C1E17EABC7300DBC5F9 /* GUISpreadsheet.h */,
				23E12C1F17EABC7300DBC5F9 /* GUITextViews.cpp */,
				23E12C2017EABC7300DBC5F9 /* GUITextViews.h */,
				23E12C2117EABC7300DBC5F9 /* GUITimer.cpp */,
				23E12C2217EABC7300DBC5F9 /* GUITimer.h */,
				23E12C2317EABC7300DBC5F9 /* GUIUtility.cpp */,
				23E12C2417EABC7300DBC5F9 /* GUIUtility.h */,
				23E12C2517EABC7300DBC5F9 /* GUIValBox.cpp */,
				23E12C2617EABC7300DBC5F9 /* GUIValBox.h */,
				23E12C2717EABC7300DBC5F9 /* GUIView.cpp */,
				23E12C2817EABC7300DBC5F9 /* GUIView.h */,
				23E12C2917EABC7300DBC5F9 /* GUIWindow.cpp */,
				23E12C2A17EABC7300DBC5F9 /* GUIWindow.h */,
				23E12C2B17EABC7300DBC5F9 /* includes */,
				23E12C2C17EABC7300DBC5F9 /* Letter.cpp */,
				23E12C2D17EABC7300DBC5F9 /* Letter.h */,
				23E12C2E17EABC7300DBC5F9 /* Makefile */,
				23E12C2F17EABC7300DBC5F9 /* NathanSingleton.h */,
				23E12C3017EABC7300DBC5F9 /* NewNewGUITextView.cpp */,
				23E12C3117EABC7300DBC5F9 /* NewNewGUITextView.h */,
				23E12C3217EABC7300DBC5F9 /* Ptr_config.h */,
				23E12C3317EABC7300DBC5F9 /* SDL_image.framework */,
				23E12C3417EABC7300DBC5F9 /* SDL_mixer.framework */,
				23E12C3517EABC7300DBC5F9 /* SDL_ttf.framework */,
				23E12C3617EABC7300DBC5F9 /* SDL.framework */,
				23E12C3717EABC7300DBC5F9 /* SDLMain.h */,
				23E12C3817EABC7300DBC5F9 /* SDLMain.m */,
			);
			name = gui;
			sourceTree = "<group>";
		};
/* End PBXGroup section */

/* Begin PBXNativeTarget section */
		233B5F631685AF2C006A6E31 /* Window_Renderer */ = {
			isa = PBXNativeTarget;
			buildConfigurationList = 233B5F791685AF2D006A6E31 /* Build configuration list for PBXNativeTarget "Window_Renderer" */;
			buildPhases = (
				233B5F601685AF2C006A6E31 /* Sources */,
				233B5F611685AF2C006A6E31 /* Frameworks */,
				233B5F621685AF2C006A6E31 /* Resources */,
			);
			buildRules = (
			);
			dependencies = (
			);
			name = Window_Renderer;
			productName = Window_Renderer;
			productReference = 233B5F641685AF2C006A6E31 /* Window_Renderer.app */;
			productType = "com.apple.product-type.application";
		};
		234A801315E6C6DD00C4AFBC /* Deep */ = {
			isa = PBXNativeTarget;
			buildConfigurationList = 234A803215E6C6DE00C4AFBC /* Build configuration list for PBXNativeTarget "Deep" */;
			buildPhases = (
				234A801015E6C6DD00C4AFBC /* Sources */,
				234A801115E6C6DD00C4AFBC /* Frameworks */,
				234A801215E6C6DD00C4AFBC /* Resources */,
				2390F1EE15E6C75E00A0B545 /* CopyFiles */,
			);
			buildRules = (
			);
			dependencies = (
			);
			name = Deep;
			productName = Deep;
			productReference = 234A801415E6C6DD00C4AFBC /* Deep.app */;
			productType = "com.apple.product-type.application";
		};
/* End PBXNativeTarget section */

/* Begin PBXProject section */
		234A800B15E6C6DD00C4AFBC /* Project object */ = {
			isa = PBXProject;
			attributes = {
				LastUpgradeCheck = 0420;
				ORGANIZATIONNAME = "Lions Entertainment";
			};
			buildConfigurationList = 234A800E15E6C6DD00C4AFBC /* Build configuration list for PBXProject "Deep" */;
			compatibilityVersion = "Xcode 3.2";
			developmentRegion = English;
			hasScannedForEncodings = 0;
			knownRegions = (
				en,
			);
			mainGroup = 234A800915E6C6DD00C4AFBC;
			productRefGroup = 234A801515E6C6DD00C4AFBC /* Products */;
			projectDirPath = "";
			projectRoot = "";
			targets = (
				234A801315E6C6DD00C4AFBC /* Deep */,
				233B5F631685AF2C006A6E31 /* Window_Renderer */,
			);
		};
/* End PBXProject section */

/* Begin PBXResourcesBuildPhase section */
		233B5F621685AF2C006A6E31 /* Resources */ = {
			isa = PBXResourcesBuildPhase;
			buildActionMask = 2147483647;
			files = (
				23E12C4617EABC7300DBC5F9 /* GUIFonts in Resources */,
				23E12C4C17EABC7300DBC5F9 /* GUIImages in Resources */,
				23E12C6617EABC7300DBC5F9 /* includes in Resources */,
			);
			runOnlyForDeploymentPostprocessing = 0;
		};
		234A801215E6C6DD00C4AFBC /* Resources */ = {
			isa = PBXResourcesBuildPhase;
			buildActionMask = 2147483647;
			files = (
				234A802315E6C6DE00C4AFBC /* InfoPlist.strings in Resources */,
				234A802915E6C6DE00C4AFBC /* Credits.rtf in Resources */,
				23E12BBE17EABA7000DBC5F9 /* images in Resources */,
				23E12C4517EABC7300DBC5F9 /* GUIFonts in Resources */,
				23E12C4B17EABC7300DBC5F9 /* GUIImages in Resources */,
				23E12C6517EABC7300DBC5F9 /* includes in Resources */,
			);
			runOnlyForDeploymentPostprocessing = 0;
		};
/* End PBXResourcesBuildPhase section */

/* Begin PBXSourcesBuildPhase section */
		233B5F601685AF2C006A6E31 /* Sources */ = {
			isa = PBXSourcesBuildPhase;
			buildActionMask = 2147483647;
			files = (
				23E12C3A17EABC7300DBC5F9 /* Compatibility.cpp in Sources */,
				23E12C3C17EABC7300DBC5F9 /* GameDisplay.cpp in Sources */,
				23E12C3E17EABC7300DBC5F9 /* GUIApp.cpp in Sources */,
				23E12C4017EABC7300DBC5F9 /* GUIAudio.cpp in Sources */,
				23E12C4217EABC7300DBC5F9 /* GUIController.cpp in Sources */,
				23E12C4417EABC7300DBC5F9 /* GUIDropDownMenu.cpp in Sources */,
				23E12C4817EABC7300DBC5F9 /* GUIImage.cpp in Sources */,
				23E12C4A17EABC7300DBC5F9 /* GUIImageCache.cpp in Sources */,
				23E12C4E17EABC7300DBC5F9 /* GUIImageView.cpp in Sources */,
				23E12C5017EABC7300DBC5F9 /* GUILetter.cpp in Sources */,
				23E12C5217EABC7300DBC5F9 /* GUIMsg.cpp in Sources */,
				23E12C5417EABC7300DBC5F9 /* GUIMsgNew.cpp in Sources */,
				23E12C5617EABC7300DBC5F9 /* GUIScrollView.cpp in Sources */,
				23E12C5817EABC7300DBC5F9 /* GUISpreadsheet.cpp in Sources */,
				23E12C5A17EABC7300DBC5F9 /* GUITextViews.cpp in Sources */,
				23E12C5C17EABC7300DBC5F9 /* GUITimer.cpp in Sources */,
				23E12C5E17EABC7300DBC5F9 /* GUIUtility.cpp in Sources */,
				23E12C6017EABC7300DBC5F9 /* GUIValBox.cpp in Sources */,
				23E12C6217EABC7300DBC5F9 /* GUIView.cpp in Sources */,
				23E12C6417EABC7300DBC5F9 /* GUIWindow.cpp in Sources */,
				23E12C6817EABC7300DBC5F9 /* Letter.cpp in Sources */,
				23E12C6A17EABC7300DBC5F9 /* Makefile in Sources */,
				23E12C6C17EABC7300DBC5F9 /* NewNewGUITextView.cpp in Sources */,
				23E12C7617EABC7300DBC5F9 /* SDLMain.m in Sources */,
			);
			runOnlyForDeploymentPostprocessing = 0;
		};
		234A801015E6C6DD00C4AFBC /* Sources */ = {
			isa = PBXSourcesBuildPhase;
			buildActionMask = 2147483647;
			files = (
				230D7D87167DA17000EE89AA /* cat_face.cpp in Sources */,
				233FEF9A168FDEDE003FCFE3 /* main.cpp in Sources */,
				233FEF9B168FE00D003FCFE3 /* octave_plot.cpp in Sources */,
				233FEF9E168FE022003FCFE3 /* NathanSocket.cpp in Sources */,
				23E12C3917EABC7300DBC5F9 /* Compatibility.cpp in Sources */,
				23E12C3B17EABC7300DBC5F9 /* GameDisplay.cpp in Sources */,
				23E12C3D17EABC7300DBC5F9 /* GUIApp.cpp in Sources */,
				23E12C3F17EABC7300DBC5F9 /* GUIAudio.cpp in Sources */,
				23E12C4117EABC7300DBC5F9 /* GUIController.cpp in Sources */,
				23E12C4317EABC7300DBC5F9 /* GUIDropDownMenu.cpp in Sources */,
				23E12C4717EABC7300DBC5F9 /* GUIImage.cpp in Sources */,
				23E12C4917EABC7300DBC5F9 /* GUIImageCache.cpp in Sources */,
				23E12C4D17EABC7300DBC5F9 /* GUIImageView.cpp in Sources */,
				23E12C4F17EABC7300DBC5F9 /* GUILetter.cpp in Sources */,
				23E12C5117EABC7300DBC5F9 /* GUIMsg.cpp in Sources */,
				23E12C5317EABC7300DBC5F9 /* GUIMsgNew.cpp in Sources */,
				23E12C5517EABC7300DBC5F9 /* GUIScrollView.cpp in Sources */,
				23E12C5717EABC7300DBC5F9 /* GUISpreadsheet.cpp in Sources */,
				23E12C5917EABC7300DBC5F9 /* GUITextViews.cpp in Sources */,
				23E12C5B17EABC7300DBC5F9 /* GUITimer.cpp in Sources */,
				23E12C5D17EABC7300DBC5F9 /* GUIUtility.cpp in Sources */,
				23E12C5F17EABC7300DBC5F9 /* GUIValBox.cpp in Sources */,
				23E12C6117EABC7300DBC5F9 /* GUIView.cpp in Sources */,
				23E12C6317EABC7300DBC5F9 /* GUIWindow.cpp in Sources */,
				23E12C6717EABC7300DBC5F9 /* Letter.cpp in Sources */,
				23E12C6917EABC7300DBC5F9 /* Makefile in Sources */,
				23E12C6B17EABC7300DBC5F9 /* NewNewGUITextView.cpp in Sources */,
				23E12C7517EABC7300DBC5F9 /* SDLMain.m in Sources */,
			);
			runOnlyForDeploymentPostprocessing = 0;
		};
/* End PBXSourcesBuildPhase section */

/* Begin PBXVariantGroup section */
		234A802115E6C6DE00C4AFBC /* InfoPlist.strings */ = {
			isa = PBXVariantGroup;
			children = (
				234A802215E6C6DE00C4AFBC /* en */,
			);
			name = InfoPlist.strings;
			sourceTree = "<group>";
		};
		234A802715E6C6DE00C4AFBC /* Credits.rtf */ = {
			isa = PBXVariantGroup;
			children = (
				234A802815E6C6DE00C4AFBC /* en */,
			);
			name = Credits.rtf;
			sourceTree = "<group>";
		};
/* End PBXVariantGroup section */

/* Begin XCBuildConfiguration section */
		233B5F7A1685AF2D006A6E31 /* Debug */ = {
			isa = XCBuildConfiguration;
			buildSettings = {
				FRAMEWORK_SEARCH_PATHS = (
					"$(inherited)",
					"\"$(SRCROOT)/deep/gui\"",
				);
				GCC_PRECOMPILE_PREFIX_HEADER = YES;
				GCC_PREFIX_HEADER = "Window_Renderer/Window_Renderer-Prefix.pch";
				INFOPLIST_FILE = "Window_Renderer/Window_Renderer-Info.plist";
				PRODUCT_NAME = "$(TARGET_NAME)";
				WRAPPER_EXTENSION = app;
			};
			name = Debug;
		};
		233B5F7B1685AF2D006A6E31 /* Release */ = {
			isa = XCBuildConfiguration;
			buildSettings = {
				FRAMEWORK_SEARCH_PATHS = (
					"$(inherited)",
					"\"$(SRCROOT)/deep/gui\"",
				);
				GCC_PRECOMPILE_PREFIX_HEADER = YES;
				GCC_PREFIX_HEADER = "Window_Renderer/Window_Renderer-Prefix.pch";
				INFOPLIST_FILE = "Window_Renderer/Window_Renderer-Info.plist";
				PRODUCT_NAME = "$(TARGET_NAME)";
				WRAPPER_EXTENSION = app;
			};
			name = Release;
		};
		234A803015E6C6DE00C4AFBC /* Debug */ = {
			isa = XCBuildConfiguration;
			buildSettings = {
				ALWAYS_SEARCH_USER_PATHS = NO;
				ARCHS = "$(ARCHS_STANDARD_64_BIT)";
				COPY_PHASE_STRIP = NO;
				GCC_C_LANGUAGE_STANDARD = gnu99;
				GCC_DYNAMIC_NO_PIC = NO;
				GCC_ENABLE_OBJC_EXCEPTIONS = YES;
				GCC_OPTIMIZATION_LEVEL = 0;
				GCC_PREPROCESSOR_DEFINITIONS = (
					"DEBUG=1",
					"$(inherited)",
				);
				GCC_SYMBOLS_PRIVATE_EXTERN = NO;
				GCC_VERSION = com.apple.compilers.llvm.clang.1_0;
				GCC_WARN_64_TO_32_BIT_CONVERSION = YES;
				GCC_WARN_ABOUT_MISSING_PROTOTYPES = YES;
				GCC_WARN_ABOUT_RETURN_TYPE = YES;
				GCC_WARN_UNUSED_VARIABLE = YES;
				LD_RUNPATH_SEARCH_PATHS = "@loader_path/../Frameworks";
				MACOSX_DEPLOYMENT_TARGET = 10.6;
				ONLY_ACTIVE_ARCH = YES;
				SDKROOT = macosx;
			};
			name = Debug;
		};
		234A803115E6C6DE00C4AFBC /* Release */ = {
			isa = XCBuildConfiguration;
			buildSettings = {
				ALWAYS_SEARCH_USER_PATHS = NO;
				ARCHS = "$(ARCHS_STANDARD_64_BIT)";
				COPY_PHASE_STRIP = YES;
				DEBUG_INFORMATION_FORMAT = "dwarf-with-dsym";
				GCC_C_LANGUAGE_STANDARD = gnu99;
				GCC_ENABLE_OBJC_EXCEPTIONS = YES;
				GCC_VERSION = com.apple.compilers.llvm.clang.1_0;
				GCC_WARN_64_TO_32_BIT_CONVERSION = YES;
				GCC_WARN_ABOUT_MISSING_PROTOTYPES = YES;
				GCC_WARN_ABOUT_RETURN_TYPE = YES;
				GCC_WARN_UNUSED_VARIABLE = YES;
				LD_RUNPATH_SEARCH_PATHS = "@loader_path/../Frameworks";
				MACOSX_DEPLOYMENT_TARGET = 10.6;
				SDKROOT = macosx;
			};
			name = Release;
		};
		234A803315E6C6DE00C4AFBC /* Debug */ = {
			isa = XCBuildConfiguration;
			buildSettings = {
				FRAMEWORK_SEARCH_PATHS = (
					"$(inherited)",
					"\"$(SRCROOT)/deep/gui\"",
				);
				GCC_PRECOMPILE_PREFIX_HEADER = YES;
				GCC_PREFIX_HEADER = "Deep/Deep-Prefix.pch";
				INFOPLIST_FILE = "Deep/Deep-Info.plist";
				PRODUCT_NAME = "$(TARGET_NAME)";
				WRAPPER_EXTENSION = app;
			};
			name = Debug;
		};
		234A803415E6C6DE00C4AFBC /* Release */ = {
			isa = XCBuildConfiguration;
			buildSettings = {
				FRAMEWORK_SEARCH_PATHS = (
					"$(inherited)",
					"\"$(SRCROOT)/deep/gui\"",
				);
				GCC_PRECOMPILE_PREFIX_HEADER = YES;
				GCC_PREFIX_HEADER = "Deep/Deep-Prefix.pch";
				INFOPLIST_FILE = "Deep/Deep-Info.plist";
				PRODUCT_NAME = "$(TARGET_NAME)";
				WRAPPER_EXTENSION = app;
			};
			name = Release;
		};
/* End XCBuildConfiguration section */

/* Begin XCConfigurationList section */
		233B5F791685AF2D006A6E31 /* Build configuration list for PBXNativeTarget "Window_Renderer" */ = {
			isa = XCConfigurationList;
			buildConfigurations = (
				233B5F7A1685AF2D006A6E31 /* Debug */,
				233B5F7B1685AF2D006A6E31 /* Release */,
			);
			defaultConfigurationIsVisible = 0;
			defaultConfigurationName = Release;
		};
		234A800E15E6C6DD00C4AFBC /* Build configuration list for PBXProject "Deep" */ = {
			isa = XCConfigurationList;
			buildConfigurations = (
				234A803015E6C6DE00C4AFBC /* Debug */,
				234A803115E6C6DE00C4AFBC /* Release */,
			);
			defaultConfigurationIsVisible = 0;
			defaultConfigurationName = Release;
		};
		234A803215E6C6DE00C4AFBC /* Build configuration list for PBXNativeTarget "Deep" */ = {
			isa = XCConfigurationList;
			buildConfigurations = (
				234A803315E6C6DE00C4AFBC /* Debug */,
				234A803415E6C6DE00C4AFBC /* Release */,
			);
			defaultConfigurationIsVisible = 0;
			defaultConfigurationName = Release;
		};
/* End XCConfigurationList section */
	};
	rootObject = 234A800B15E6C6DD00C4AFBC /* Project object */;
}
