// !$*UTF8*$!
{
	archiveVersion = 1;
	classes = {
	};
	objectVersion = 46;
	objects = {

/* Begin PBXBuildFile section */
		230D7D87167DA17000EE89AA /* cat_face.cpp in Sources */ = {isa = PBXBuildFile; fileRef = 230D7D86167DA16F00EE89AA /* cat_face.cpp */; };
		233B5F661685AF2C006A6E31 /* Cocoa.framework in Frameworks */ = {isa = PBXBuildFile; fileRef = 234A801815E6C6DD00C4AFBC /* Cocoa.framework */; };
		233B5F821685AF97006A6E31 /* SDL.framework in Frameworks */ = {isa = PBXBuildFile; fileRef = 2390F1E615E6C74900A0B545 /* SDL.framework */; };
		233B5F831685AF97006A6E31 /* SDL_image.framework in Frameworks */ = {isa = PBXBuildFile; fileRef = 2390F1E715E6C74900A0B545 /* SDL_image.framework */; };
		233B5F841685AF97006A6E31 /* SDL_mixer.framework in Frameworks */ = {isa = PBXBuildFile; fileRef = 2390F1E815E6C74900A0B545 /* SDL_mixer.framework */; };
		233B5F851685AF97006A6E31 /* SDL_ttf.framework in Frameworks */ = {isa = PBXBuildFile; fileRef = 2390F1E915E6C74900A0B545 /* SDL_ttf.framework */; };
		233FEF9A168FDEDE003FCFE3 /* main.cpp in Sources */ = {isa = PBXBuildFile; fileRef = 2390F1F315E6C78500A0B545 /* main.cpp */; };
		233FEF9B168FE00D003FCFE3 /* octave_plot.cpp in Sources */ = {isa = PBXBuildFile; fileRef = 233FE768168FD098003FCFE3 /* octave_plot.cpp */; };
		233FEF9E168FE022003FCFE3 /* NathanSocket.cpp in Sources */ = {isa = PBXBuildFile; fileRef = 233FEF9C168FE022003FCFE3 /* NathanSocket.cpp */; };
		234A801915E6C6DD00C4AFBC /* Cocoa.framework in Frameworks */ = {isa = PBXBuildFile; fileRef = 234A801815E6C6DD00C4AFBC /* Cocoa.framework */; };
		234A802315E6C6DE00C4AFBC /* InfoPlist.strings in Resources */ = {isa = PBXBuildFile; fileRef = 234A802115E6C6DE00C4AFBC /* InfoPlist.strings */; };
		234A802915E6C6DE00C4AFBC /* Credits.rtf in Resources */ = {isa = PBXBuildFile; fileRef = 234A802715E6C6DE00C4AFBC /* Credits.rtf */; };
		2390F1EA15E6C74900A0B545 /* SDL.framework in Frameworks */ = {isa = PBXBuildFile; fileRef = 2390F1E615E6C74900A0B545 /* SDL.framework */; };
		2390F1EB15E6C74900A0B545 /* SDL_image.framework in Frameworks */ = {isa = PBXBuildFile; fileRef = 2390F1E715E6C74900A0B545 /* SDL_image.framework */; };
		2390F1EC15E6C74900A0B545 /* SDL_mixer.framework in Frameworks */ = {isa = PBXBuildFile; fileRef = 2390F1E815E6C74900A0B545 /* SDL_mixer.framework */; };
		2390F1ED15E6C74900A0B545 /* SDL_ttf.framework in Frameworks */ = {isa = PBXBuildFile; fileRef = 2390F1E915E6C74900A0B545 /* SDL_ttf.framework */; };
		2390F1EF15E6C76C00A0B545 /* SDL.framework in CopyFiles */ = {isa = PBXBuildFile; fileRef = 2390F1E615E6C74900A0B545 /* SDL.framework */; };
		2390F1F015E6C76C00A0B545 /* SDL_image.framework in CopyFiles */ = {isa = PBXBuildFile; fileRef = 2390F1E715E6C74900A0B545 /* SDL_image.framework */; };
		2390F1F115E6C76C00A0B545 /* SDL_mixer.framework in CopyFiles */ = {isa = PBXBuildFile; fileRef = 2390F1E815E6C74900A0B545 /* SDL_mixer.framework */; };
		2390F1F215E6C76C00A0B545 /* SDL_ttf.framework in CopyFiles */ = {isa = PBXBuildFile; fileRef = 2390F1E915E6C74900A0B545 /* SDL_ttf.framework */; };
		23A3DD6E15E6F0160014DE2F /* images in Resources */ = {isa = PBXBuildFile; fileRef = 23A3DD6D15E6F0160014DE2F /* images */; };
		23A3DD8E15E6F9CC0014DE2F /* fonts in Resources */ = {isa = PBXBuildFile; fileRef = 23A3DD8D15E6F9CC0014DE2F /* fonts */; };
		23D1022F16E7DA02008193AA /* Compatibility.cpp in Sources */ = {isa = PBXBuildFile; fileRef = 23D101F716E7DA02008193AA /* Compatibility.cpp */; };
		23D1023016E7DA02008193AA /* GameDisplay.cpp in Sources */ = {isa = PBXBuildFile; fileRef = 23D101F916E7DA02008193AA /* GameDisplay.cpp */; };
		23D1023116E7DA02008193AA /* GUIApp.cpp in Sources */ = {isa = PBXBuildFile; fileRef = 23D101FC16E7DA02008193AA /* GUIApp.cpp */; };
		23D1023216E7DA02008193AA /* GUIAudio.cpp in Sources */ = {isa = PBXBuildFile; fileRef = 23D101FE16E7DA02008193AA /* GUIAudio.cpp */; };
		23D1023316E7DA02008193AA /* GUIController.cpp in Sources */ = {isa = PBXBuildFile; fileRef = 23D1020116E7DA02008193AA /* GUIController.cpp */; };
		23D1023416E7DA02008193AA /* GUIFonts in Resources */ = {isa = PBXBuildFile; fileRef = 23D1020516E7DA02008193AA /* GUIFonts */; };
		23D1023516E7DA02008193AA /* GUIImage.cpp in Sources */ = {isa = PBXBuildFile; fileRef = 23D1020616E7DA02008193AA /* GUIImage.cpp */; };
		23D1023616E7DA02008193AA /* GUIImageCache.cpp in Sources */ = {isa = PBXBuildFile; fileRef = 23D1020816E7DA02008193AA /* GUIImageCache.cpp */; };
		23D1023716E7DA02008193AA /* GUIImages in Resources */ = {isa = PBXBuildFile; fileRef = 23D1020A16E7DA02008193AA /* GUIImages */; };
		23D1023816E7DA02008193AA /* GUIImageView.cpp in Sources */ = {isa = PBXBuildFile; fileRef = 23D1020B16E7DA02008193AA /* GUIImageView.cpp */; };
		23D1023916E7DA02008193AA /* GUILetter.cpp in Sources */ = {isa = PBXBuildFile; fileRef = 23D1020D16E7DA02008193AA /* GUILetter.cpp */; };
		23D1023A16E7DA02008193AA /* GUIMsg.cpp in Sources */ = {isa = PBXBuildFile; fileRef = 23D1020F16E7DA02008193AA /* GUIMsg.cpp */; };
		23D1023B16E7DA02008193AA /* GUIScrollView.cpp in Sources */ = {isa = PBXBuildFile; fileRef = 23D1021116E7DA02008193AA /* GUIScrollView.cpp */; };
		23D1023C16E7DA02008193AA /* GUISpreadsheet.cpp in Sources */ = {isa = PBXBuildFile; fileRef = 23D1021316E7DA02008193AA /* GUISpreadsheet.cpp */; };
		23D1023D16E7DA02008193AA /* GUITextViews.cpp in Sources */ = {isa = PBXBuildFile; fileRef = 23D1021516E7DA02008193AA /* GUITextViews.cpp */; };
		23D1023E16E7DA02008193AA /* GUITimer.cpp in Sources */ = {isa = PBXBuildFile; fileRef = 23D1021716E7DA02008193AA /* GUITimer.cpp */; };
		23D1023F16E7DA02008193AA /* GUIUtility.cpp in Sources */ = {isa = PBXBuildFile; fileRef = 23D1021916E7DA02008193AA /* GUIUtility.cpp */; };
		23D1024016E7DA02008193AA /* GUIValBox.cpp in Sources */ = {isa = PBXBuildFile; fileRef = 23D1021B16E7DA02008193AA /* GUIValBox.cpp */; };
		23D1024116E7DA02008193AA /* GUIView.cpp in Sources */ = {isa = PBXBuildFile; fileRef = 23D1021D16E7DA02008193AA /* GUIView.cpp */; };
		23D1024216E7DA02008193AA /* GUIWindow.cpp in Sources */ = {isa = PBXBuildFile; fileRef = 23D1021F16E7DA02008193AA /* GUIWindow.cpp */; };
		23D1024316E7DA02008193AA /* includes in Resources */ = {isa = PBXBuildFile; fileRef = 23D1022116E7DA02008193AA /* includes */; };
		23D1024416E7DA02008193AA /* Letter.cpp in Sources */ = {isa = PBXBuildFile; fileRef = 23D1022216E7DA02008193AA /* Letter.cpp */; };
		23D1024516E7DA02008193AA /* Makefile in Sources */ = {isa = PBXBuildFile; fileRef = 23D1022416E7DA02008193AA /* Makefile */; };
		23D1024616E7DA02008193AA /* NewNewGUITextView.cpp in Sources */ = {isa = PBXBuildFile; fileRef = 23D1022616E7DA02008193AA /* NewNewGUITextView.cpp */; };
		23D1024716E7DA02008193AA /* SDL_image.framework in Frameworks */ = {isa = PBXBuildFile; fileRef = 23D1022916E7DA02008193AA /* SDL_image.framework */; };
		23D1024816E7DA02008193AA /* SDL_mixer.framework in Frameworks */ = {isa = PBXBuildFile; fileRef = 23D1022A16E7DA02008193AA /* SDL_mixer.framework */; };
		23D1024916E7DA02008193AA /* SDL_ttf.framework in Frameworks */ = {isa = PBXBuildFile; fileRef = 23D1022B16E7DA02008193AA /* SDL_ttf.framework */; };
		23D1024A16E7DA02008193AA /* SDL.framework in Frameworks */ = {isa = PBXBuildFile; fileRef = 23D1022C16E7DA02008193AA /* SDL.framework */; };
		23D1024B16E7DA02008193AA /* SDLMain.m in Sources */ = {isa = PBXBuildFile; fileRef = 23D1022E16E7DA02008193AA /* SDLMain.m */; };
/* End PBXBuildFile section */

/* Begin PBXCopyFilesBuildPhase section */
		2390F1EE15E6C75E00A0B545 /* CopyFiles */ = {
			isa = PBXCopyFilesBuildPhase;
			buildActionMask = 2147483647;
			dstPath = "";
			dstSubfolderSpec = 10;
			files = (
				2390F1EF15E6C76C00A0B545 /* SDL.framework in CopyFiles */,
				2390F1F015E6C76C00A0B545 /* SDL_image.framework in CopyFiles */,
				2390F1F115E6C76C00A0B545 /* SDL_mixer.framework in CopyFiles */,
				2390F1F215E6C76C00A0B545 /* SDL_ttf.framework in CopyFiles */,
			);
			runOnlyForDeploymentPostprocessing = 0;
		};
/* End PBXCopyFilesBuildPhase section */

/* Begin PBXFileReference section */
		230D7D85167DA16500EE89AA /* cat_face.h */ = {isa = PBXFileReference; fileEncoding = 4; lastKnownFileType = sourcecode.c.h; path = cat_face.h; sourceTree = "<group>"; };
		230D7D86167DA16F00EE89AA /* cat_face.cpp */ = {isa = PBXFileReference; fileEncoding = 4; lastKnownFileType = sourcecode.cpp.cpp; path = cat_face.cpp; sourceTree = "<group>"; };
		230D7D8E167DADF100EE89AA /* animation.h */ = {isa = PBXFileReference; fileEncoding = 4; lastKnownFileType = sourcecode.c.h; path = animation.h; sourceTree = "<group>"; };
		233B5F641685AF2C006A6E31 /* Window_Renderer.app */ = {isa = PBXFileReference; explicitFileType = wrapper.application; includeInIndex = 0; path = Window_Renderer.app; sourceTree = BUILT_PRODUCTS_DIR; };
		233FE768168FD098003FCFE3 /* octave_plot.cpp */ = {isa = PBXFileReference; fileEncoding = 4; lastKnownFileType = sourcecode.cpp.cpp; path = octave_plot.cpp; sourceTree = "<group>"; };
		233FE76B168FD0A1003FCFE3 /* octave_plot.h */ = {isa = PBXFileReference; fileEncoding = 4; lastKnownFileType = sourcecode.c.h; path = octave_plot.h; sourceTree = "<group>"; };
		233FE76C168FD5F7003FCFE3 /* test_main.cpp */ = {isa = PBXFileReference; fileEncoding = 4; lastKnownFileType = sourcecode.cpp.cpp; path = test_main.cpp; sourceTree = "<group>"; };
		233FEF9C168FE022003FCFE3 /* NathanSocket.cpp */ = {isa = PBXFileReference; fileEncoding = 4; lastKnownFileType = sourcecode.cpp.cpp; path = NathanSocket.cpp; sourceTree = "<group>"; };
		233FEF9D168FE022003FCFE3 /* NathanSocket.h */ = {isa = PBXFileReference; fileEncoding = 4; lastKnownFileType = sourcecode.c.h; path = NathanSocket.h; sourceTree = "<group>"; };
		234A801415E6C6DD00C4AFBC /* Deep.app */ = {isa = PBXFileReference; explicitFileType = wrapper.application; includeInIndex = 0; path = Deep.app; sourceTree = BUILT_PRODUCTS_DIR; };
		234A801815E6C6DD00C4AFBC /* Cocoa.framework */ = {isa = PBXFileReference; lastKnownFileType = wrapper.framework; name = Cocoa.framework; path = System/Library/Frameworks/Cocoa.framework; sourceTree = SDKROOT; };
		234A801B15E6C6DD00C4AFBC /* AppKit.framework */ = {isa = PBXFileReference; lastKnownFileType = wrapper.framework; name = AppKit.framework; path = System/Library/Frameworks/AppKit.framework; sourceTree = SDKROOT; };
		234A801C15E6C6DD00C4AFBC /* CoreData.framework */ = {isa = PBXFileReference; lastKnownFileType = wrapper.framework; name = CoreData.framework; path = System/Library/Frameworks/CoreData.framework; sourceTree = SDKROOT; };
		234A801D15E6C6DD00C4AFBC /* Foundation.framework */ = {isa = PBXFileReference; lastKnownFileType = wrapper.framework; name = Foundation.framework; path = System/Library/Frameworks/Foundation.framework; sourceTree = SDKROOT; };
		234A802015E6C6DE00C4AFBC /* Deep-Info.plist */ = {isa = PBXFileReference; lastKnownFileType = text.plist.xml; path = "Deep-Info.plist"; sourceTree = "<group>"; };
		234A802215E6C6DE00C4AFBC /* en */ = {isa = PBXFileReference; lastKnownFileType = text.plist.strings; name = en; path = en.lproj/InfoPlist.strings; sourceTree = "<group>"; };
		234A802615E6C6DE00C4AFBC /* Deep-Prefix.pch */ = {isa = PBXFileReference; lastKnownFileType = sourcecode.c.h; path = "Deep-Prefix.pch"; sourceTree = "<group>"; };
		234A802815E6C6DE00C4AFBC /* en */ = {isa = PBXFileReference; lastKnownFileType = text.rtf; name = en; path = en.lproj/Credits.rtf; sourceTree = "<group>"; };
		2390F1E615E6C74900A0B545 /* SDL.framework */ = {isa = PBXFileReference; lastKnownFileType = wrapper.framework; name = SDL.framework; path = Library/Frameworks/SDL.framework; sourceTree = SDKROOT; };
		2390F1E715E6C74900A0B545 /* SDL_image.framework */ = {isa = PBXFileReference; lastKnownFileType = wrapper.framework; name = SDL_image.framework; path = Library/Frameworks/SDL_image.framework; sourceTree = SDKROOT; };
		2390F1E815E6C74900A0B545 /* SDL_mixer.framework */ = {isa = PBXFileReference; lastKnownFileType = wrapper.framework; name = SDL_mixer.framework; path = Library/Frameworks/SDL_mixer.framework; sourceTree = SDKROOT; };
		2390F1E915E6C74900A0B545 /* SDL_ttf.framework */ = {isa = PBXFileReference; lastKnownFileType = wrapper.framework; name = SDL_ttf.framework; path = Library/Frameworks/SDL_ttf.framework; sourceTree = SDKROOT; };
		2390F1F315E6C78500A0B545 /* main.cpp */ = {isa = PBXFileReference; fileEncoding = 4; lastKnownFileType = sourcecode.cpp.cpp; path = main.cpp; sourceTree = "<group>"; };
		23A3DD6D15E6F0160014DE2F /* images */ = {isa = PBXFileReference; lastKnownFileType = folder; path = images; sourceTree = "<group>"; };
		23A3DD8D15E6F9CC0014DE2F /* fonts */ = {isa = PBXFileReference; lastKnownFileType = folder; name = fonts; path = "../../../SDL Folder/NathansSDLFramework/NathansSDL/fonts"; sourceTree = "<group>"; };
		23D101F716E7DA02008193AA /* Compatibility.cpp */ = {isa = PBXFileReference; fileEncoding = 4; lastKnownFileType = sourcecode.cpp.cpp; path = Compatibility.cpp; sourceTree = "<group>"; };
		23D101F816E7DA02008193AA /* Compatibility.h */ = {isa = PBXFileReference; fileEncoding = 4; lastKnownFileType = sourcecode.c.h; path = Compatibility.h; sourceTree = "<group>"; };
		23D101F916E7DA02008193AA /* GameDisplay.cpp */ = {isa = PBXFileReference; fileEncoding = 4; lastKnownFileType = sourcecode.cpp.cpp; path = GameDisplay.cpp; sourceTree = "<group>"; };
		23D101FA16E7DA02008193AA /* GameDisplay.h */ = {isa = PBXFileReference; fileEncoding = 4; lastKnownFileType = sourcecode.c.h; path = GameDisplay.h; sourceTree = "<group>"; };
		23D101FB16E7DA02008193AA /* gui.h */ = {isa = PBXFileReference; fileEncoding = 4; lastKnownFileType = sourcecode.c.h; path = gui.h; sourceTree = "<group>"; };
		23D101FC16E7DA02008193AA /* GUIApp.cpp */ = {isa = PBXFileReference; fileEncoding = 4; lastKnownFileType = sourcecode.cpp.cpp; path = GUIApp.cpp; sourceTree = "<group>"; };
		23D101FD16E7DA02008193AA /* GUIApp.h */ = {isa = PBXFileReference; fileEncoding = 4; lastKnownFileType = sourcecode.c.h; path = GUIApp.h; sourceTree = "<group>"; };
		23D101FE16E7DA02008193AA /* GUIAudio.cpp */ = {isa = PBXFileReference; fileEncoding = 4; lastKnownFileType = sourcecode.cpp.cpp; path = GUIAudio.cpp; sourceTree = "<group>"; };
		23D101FF16E7DA02008193AA /* GUIAudio.h */ = {isa = PBXFileReference; fileEncoding = 4; lastKnownFileType = sourcecode.c.h; path = GUIAudio.h; sourceTree = "<group>"; };
		23D1020016E7DA02008193AA /* GUIButton.h */ = {isa = PBXFileReference; fileEncoding = 4; lastKnownFileType = sourcecode.c.h; path = GUIButton.h; sourceTree = "<group>"; };
		23D1020116E7DA02008193AA /* GUIController.cpp */ = {isa = PBXFileReference; fileEncoding = 4; lastKnownFileType = sourcecode.cpp.cpp; path = GUIController.cpp; sourceTree = "<group>"; };
		23D1020216E7DA02008193AA /* GUIController.h */ = {isa = PBXFileReference; fileEncoding = 4; lastKnownFileType = sourcecode.c.h; path = GUIController.h; sourceTree = "<group>"; };
		23D1020316E7DA02008193AA /* GUIErrorHandling_Impl.h */ = {isa = PBXFileReference; fileEncoding = 4; lastKnownFileType = sourcecode.c.h; path = GUIErrorHandling_Impl.h; sourceTree = "<group>"; };
		23D1020416E7DA02008193AA /* GUIErrorHandling.h */ = {isa = PBXFileReference; fileEncoding = 4; lastKnownFileType = sourcecode.c.h; path = GUIErrorHandling.h; sourceTree = "<group>"; };
		23D1020516E7DA02008193AA /* GUIFonts */ = {isa = PBXFileReference; lastKnownFileType = folder; path = GUIFonts; sourceTree = "<group>"; };
		23D1020616E7DA02008193AA /* GUIImage.cpp */ = {isa = PBXFileReference; fileEncoding = 4; lastKnownFileType = sourcecode.cpp.cpp; path = GUIImage.cpp; sourceTree = "<group>"; };
		23D1020716E7DA02008193AA /* GUIImage.h */ = {isa = PBXFileReference; fileEncoding = 4; lastKnownFileType = sourcecode.c.h; path = GUIImage.h; sourceTree = "<group>"; };
		23D1020816E7DA02008193AA /* GUIImageCache.cpp */ = {isa = PBXFileReference; fileEncoding = 4; lastKnownFileType = sourcecode.cpp.cpp; path = GUIImageCache.cpp; sourceTree = "<group>"; };
		23D1020916E7DA02008193AA /* GUIImageCache.h */ = {isa = PBXFileReference; fileEncoding = 4; lastKnownFileType = sourcecode.c.h; path = GUIImageCache.h; sourceTree = "<group>"; };
		23D1020A16E7DA02008193AA /* GUIImages */ = {isa = PBXFileReference; lastKnownFileType = folder; path = GUIImages; sourceTree = "<group>"; };
		23D1020B16E7DA02008193AA /* GUIImageView.cpp */ = {isa = PBXFileReference; fileEncoding = 4; lastKnownFileType = sourcecode.cpp.cpp; path = GUIImageView.cpp; sourceTree = "<group>"; };
		23D1020C16E7DA02008193AA /* GUIImageView.h */ = {isa = PBXFileReference; fileEncoding = 4; lastKnownFileType = sourcecode.c.h; path = GUIImageView.h; sourceTree = "<group>"; };
		23D1020D16E7DA02008193AA /* GUILetter.cpp */ = {isa = PBXFileReference; fileEncoding = 4; lastKnownFileType = sourcecode.cpp.cpp; path = GUILetter.cpp; sourceTree = "<group>"; };
		23D1020E16E7DA02008193AA /* GUILetter.h */ = {isa = PBXFileReference; fileEncoding = 4; lastKnownFileType = sourcecode.c.h; path = GUILetter.h; sourceTree = "<group>"; };
		23D1020F16E7DA02008193AA /* GUIMsg.cpp */ = {isa = PBXFileReference; fileEncoding = 4; lastKnownFileType = sourcecode.cpp.cpp; path = GUIMsg.cpp; sourceTree = "<group>"; };
		23D1021016E7DA02008193AA /* GUIMsg.h */ = {isa = PBXFileReference; fileEncoding = 4; lastKnownFileType = sourcecode.c.h; path = GUIMsg.h; sourceTree = "<group>"; };
		23D1021116E7DA02008193AA /* GUIScrollView.cpp */ = {isa = PBXFileReference; fileEncoding = 4; lastKnownFileType = sourcecode.cpp.cpp; path = GUIScrollView.cpp; sourceTree = "<group>"; };
		23D1021216E7DA02008193AA /* GUIScrollView.h */ = {isa = PBXFileReference; fileEncoding = 4; lastKnownFileType = sourcecode.c.h; path = GUIScrollView.h; sourceTree = "<group>"; };
		23D1021316E7DA02008193AA /* GUISpreadsheet.cpp */ = {isa = PBXFileReference; fileEncoding = 4; lastKnownFileType = sourcecode.cpp.cpp; path = GUISpreadsheet.cpp; sourceTree = "<group>"; };
		23D1021416E7DA02008193AA /* GUISpreadsheet.h */ = {isa = PBXFileReference; fileEncoding = 4; lastKnownFileType = sourcecode.c.h; path = GUISpreadsheet.h; sourceTree = "<group>"; };
		23D1021516E7DA02008193AA /* GUITextViews.cpp */ = {isa = PBXFileReference; fileEncoding = 4; lastKnownFileType = sourcecode.cpp.cpp; path = GUITextViews.cpp; sourceTree = "<group>"; };
		23D1021616E7DA02008193AA /* GUITextViews.h */ = {isa = PBXFileReference; fileEncoding = 4; lastKnownFileType = sourcecode.c.h; path = GUITextViews.h; sourceTree = "<group>"; };
		23D1021716E7DA02008193AA /* GUITimer.cpp */ = {isa = PBXFileReference; fileEncoding = 4; lastKnownFileType = sourcecode.cpp.cpp; path = GUITimer.cpp; sourceTree = "<group>"; };
		23D1021816E7DA02008193AA /* GUITimer.h */ = {isa = PBXFileReference; fileEncoding = 4; lastKnownFileType = sourcecode.c.h; path = GUITimer.h; sourceTree = "<group>"; };
		23D1021916E7DA02008193AA /* GUIUtility.cpp */ = {isa = PBXFileReference; fileEncoding = 4; lastKnownFileType = sourcecode.cpp.cpp; path = GUIUtility.cpp; sourceTree = "<group>"; };
		23D1021A16E7DA02008193AA /* GUIUtility.h */ = {isa = PBXFileReference; fileEncoding = 4; lastKnownFileType = sourcecode.c.h; path = GUIUtility.h; sourceTree = "<group>"; };
		23D1021B16E7DA02008193AA /* GUIValBox.cpp */ = {isa = PBXFileReference; fileEncoding = 4; lastKnownFileType = sourcecode.cpp.cpp; path = GUIValBox.cpp; sourceTree = "<group>"; };
		23D1021C16E7DA02008193AA /* GUIValBox.h */ = {isa = PBXFileReference; fileEncoding = 4; lastKnownFileType = sourcecode.c.h; path = GUIValBox.h; sourceTree = "<group>"; };
		23D1021D16E7DA02008193AA /* GUIView.cpp */ = {isa = PBXFileReference; fileEncoding = 4; lastKnownFileType = sourcecode.cpp.cpp; path = GUIView.cpp; sourceTree = "<group>"; };
		23D1021E16E7DA02008193AA /* GUIView.h */ = {isa = PBXFileReference; fileEncoding = 4; lastKnownFileType = sourcecode.c.h; path = GUIView.h; sourceTree = "<group>"; };
		23D1021F16E7DA02008193AA /* GUIWindow.cpp */ = {isa = PBXFileReference; fileEncoding = 4; lastKnownFileType = sourcecode.cpp.cpp; path = GUIWindow.cpp; sourceTree = "<group>"; };
		23D1022016E7DA02008193AA /* GUIWindow.h */ = {isa = PBXFileReference; fileEncoding = 4; lastKnownFileType = sourcecode.c.h; path = GUIWindow.h; sourceTree = "<group>"; };
		23D1022116E7DA02008193AA /* includes */ = {isa = PBXFileReference; lastKnownFileType = folder; path = includes; sourceTree = "<group>"; };
		23D1022216E7DA02008193AA /* Letter.cpp */ = {isa = PBXFileReference; fileEncoding = 4; lastKnownFileType = sourcecode.cpp.cpp; path = Letter.cpp; sourceTree = "<group>"; };
		23D1022316E7DA02008193AA /* Letter.h */ = {isa = PBXFileReference; fileEncoding = 4; lastKnownFileType = sourcecode.c.h; path = Letter.h; sourceTree = "<group>"; };
		23D1022416E7DA02008193AA /* Makefile */ = {isa = PBXFileReference; fileEncoding = 4; lastKnownFileType = sourcecode.make; path = Makefile; sourceTree = "<group>"; };
		23D1022516E7DA02008193AA /* NathanSingleton.h */ = {isa = PBXFileReference; fileEncoding = 4; lastKnownFileType = sourcecode.c.h; path = NathanSingleton.h; sourceTree = "<group>"; };
		23D1022616E7DA02008193AA /* NewNewGUITextView.cpp */ = {isa = PBXFileReference; fileEncoding = 4; lastKnownFileType = sourcecode.cpp.cpp; path = NewNewGUITextView.cpp; sourceTree = "<group>"; };
		23D1022716E7DA02008193AA /* NewNewGUITextView.h */ = {isa = PBXFileReference; fileEncoding = 4; lastKnownFileType = sourcecode.c.h; path = NewNewGUITextView.h; sourceTree = "<group>"; };
		23D1022816E7DA02008193AA /* Ptr_config.h */ = {isa = PBXFileReference; fileEncoding = 4; lastKnownFileType = sourcecode.c.h; path = Ptr_config.h; sourceTree = "<group>"; };
		23D1022916E7DA02008193AA /* SDL_image.framework */ = {isa = PBXFileReference; lastKnownFileType = wrapper.framework; path = SDL_image.framework; sourceTree = "<group>"; };
		23D1022A16E7DA02008193AA /* SDL_mixer.framework */ = {isa = PBXFileReference; lastKnownFileType = wrapper.framework; path = SDL_mixer.framework; sourceTree = "<group>"; };
		23D1022B16E7DA02008193AA /* SDL_ttf.framework */ = {isa = PBXFileReference; lastKnownFileType = wrapper.framework; path = SDL_ttf.framework; sourceTree = "<group>"; };
		23D1022C16E7DA02008193AA /* SDL.framework */ = {isa = PBXFileReference; lastKnownFileType = wrapper.framework; path = SDL.framework; sourceTree = "<group>"; };
		23D1022D16E7DA02008193AA /* SDLMain.h */ = {isa = PBXFileReference; fileEncoding = 4; lastKnownFileType = sourcecode.c.h; path = SDLMain.h; sourceTree = "<group>"; };
		23D1022E16E7DA02008193AA /* SDLMain.m */ = {isa = PBXFileReference; fileEncoding = 4; lastKnownFileType = sourcecode.c.objc; path = SDLMain.m; sourceTree = "<group>"; };
/* End PBXFileReference section */

/* Begin PBXFrameworksBuildPhase section */
		233B5F611685AF2C006A6E31 /* Frameworks */ = {
			isa = PBXFrameworksBuildPhase;
			buildActionMask = 2147483647;
			files = (
				233B5F661685AF2C006A6E31 /* Cocoa.framework in Frameworks */,
				233B5F821685AF97006A6E31 /* SDL.framework in Frameworks */,
				233B5F831685AF97006A6E31 /* SDL_image.framework in Frameworks */,
				233B5F841685AF97006A6E31 /* SDL_mixer.framework in Frameworks */,
				233B5F851685AF97006A6E31 /* SDL_ttf.framework in Frameworks */,
			);
			runOnlyForDeploymentPostprocessing = 0;
		};
		234A801115E6C6DD00C4AFBC /* Frameworks */ = {
			isa = PBXFrameworksBuildPhase;
			buildActionMask = 2147483647;
			files = (
				2390F1EA15E6C74900A0B545 /* SDL.framework in Frameworks */,
				2390F1EB15E6C74900A0B545 /* SDL_image.framework in Frameworks */,
				2390F1EC15E6C74900A0B545 /* SDL_mixer.framework in Frameworks */,
				2390F1ED15E6C74900A0B545 /* SDL_ttf.framework in Frameworks */,
				234A801915E6C6DD00C4AFBC /* Cocoa.framework in Frameworks */,
				23D1024716E7DA02008193AA /* SDL_image.framework in Frameworks */,
				23D1024816E7DA02008193AA /* SDL_mixer.framework in Frameworks */,
				23D1024916E7DA02008193AA /* SDL_ttf.framework in Frameworks */,
				23D1024A16E7DA02008193AA /* SDL.framework in Frameworks */,
			);
			runOnlyForDeploymentPostprocessing = 0;
		};
/* End PBXFrameworksBuildPhase section */

/* Begin PBXGroup section */
		234A800915E6C6DD00C4AFBC = {
			isa = PBXGroup;
			children = (
				234A801E15E6C6DD00C4AFBC /* Deep */,
				234A801715E6C6DD00C4AFBC /* Frameworks */,
				234A801515E6C6DD00C4AFBC /* Products */,
			);
			sourceTree = "<group>";
		};
		234A801515E6C6DD00C4AFBC /* Products */ = {
			isa = PBXGroup;
			children = (
				234A801415E6C6DD00C4AFBC /* Deep.app */,
				233B5F641685AF2C006A6E31 /* Window_Renderer.app */,
			);
			name = Products;
			sourceTree = "<group>";
		};
		234A801715E6C6DD00C4AFBC /* Frameworks */ = {
			isa = PBXGroup;
			children = (
				2390F1E615E6C74900A0B545 /* SDL.framework */,
				2390F1E715E6C74900A0B545 /* SDL_image.framework */,
				2390F1E815E6C74900A0B545 /* SDL_mixer.framework */,
				2390F1E915E6C74900A0B545 /* SDL_ttf.framework */,
				234A801815E6C6DD00C4AFBC /* Cocoa.framework */,
				234A801A15E6C6DD00C4AFBC /* Other Frameworks */,
			);
			name = Frameworks;
			sourceTree = "<group>";
		};
		234A801A15E6C6DD00C4AFBC /* Other Frameworks */ = {
			isa = PBXGroup;
			children = (
				234A801B15E6C6DD00C4AFBC /* AppKit.framework */,
				234A801C15E6C6DD00C4AFBC /* CoreData.framework */,
				234A801D15E6C6DD00C4AFBC /* Foundation.framework */,
			);
			name = "Other Frameworks";
			sourceTree = "<group>";
		};
		234A801E15E6C6DD00C4AFBC /* Deep */ = {
			isa = PBXGroup;
			children = (
				2390F1F315E6C78500A0B545 /* main.cpp */,
				233FEF9C168FE022003FCFE3 /* NathanSocket.cpp */,
				233FEF9D168FE022003FCFE3 /* NathanSocket.h */,
				233FE768168FD098003FCFE3 /* octave_plot.cpp */,
				233FE76B168FD0A1003FCFE3 /* octave_plot.h */,
				233FE76C168FD5F7003FCFE3 /* test_main.cpp */,
				230D7D86167DA16F00EE89AA /* cat_face.cpp */,
				230D7D85167DA16500EE89AA /* cat_face.h */,
				230D7D8E167DADF100EE89AA /* animation.h */,
				2390F1AE15E6C72F00A0B545 /* gui */,
				234A801F15E6C6DE00C4AFBC /* Supporting Files */,
			);
			name = Deep;
			path = deep;
			sourceTree = "<group>";
		};
		234A801F15E6C6DE00C4AFBC /* Supporting Files */ = {
			isa = PBXGroup;
			children = (
				23A3DD8D15E6F9CC0014DE2F /* fonts */,
				23A3DD6D15E6F0160014DE2F /* images */,
				234A802015E6C6DE00C4AFBC /* Deep-Info.plist */,
				234A802115E6C6DE00C4AFBC /* InfoPlist.strings */,
				234A802615E6C6DE00C4AFBC /* Deep-Prefix.pch */,
				234A802715E6C6DE00C4AFBC /* Credits.rtf */,
			);
			name = "Supporting Files";
			sourceTree = "<group>";
		};
		2390F1AE15E6C72F00A0B545 /* gui */ = {
			isa = PBXGroup;
			children = (
				23D101F716E7DA02008193AA /* Compatibility.cpp */,
				23D101F816E7DA02008193AA /* Compatibility.h */,
				23D101F916E7DA02008193AA /* GameDisplay.cpp */,
				23D101FA16E7DA02008193AA /* GameDisplay.h */,
				23D101FB16E7DA02008193AA /* gui.h */,
				23D101FC16E7DA02008193AA /* GUIApp.cpp */,
				23D101FD16E7DA02008193AA /* GUIApp.h */,
				23D101FE16E7DA02008193AA /* GUIAudio.cpp */,
				23D101FF16E7DA02008193AA /* GUIAudio.h */,
				23D1020016E7DA02008193AA /* GUIButton.h */,
				23D1020116E7DA02008193AA /* GUIController.cpp */,
				23D1020216E7DA02008193AA /* GUIController.h */,
				23D1020316E7DA02008193AA /* GUIErrorHandling_Impl.h */,
				23D1020416E7DA02008193AA /* GUIErrorHandling.h */,
				23D1020516E7DA02008193AA /* GUIFonts */,
				23D1020616E7DA02008193AA /* GUIImage.cpp */,
				23D1020716E7DA02008193AA /* GUIImage.h */,
				23D1020816E7DA02008193AA /* GUIImageCache.cpp */,
				23D1020916E7DA02008193AA /* GUIImageCache.h */,
				23D1020A16E7DA02008193AA /* GUIImages */,
				23D1020B16E7DA02008193AA /* GUIImageView.cpp */,
				23D1020C16E7DA02008193AA /* GUIImageView.h */,
				23D1020D16E7DA02008193AA /* GUILetter.cpp */,
				23D1020E16E7DA02008193AA /* GUILetter.h */,
				23D1020F16E7DA02008193AA /* GUIMsg.cpp */,
				23D1021016E7DA02008193AA /* GUIMsg.h */,
				23D1021116E7DA02008193AA /* GUIScrollView.cpp */,
				23D1021216E7DA02008193AA /* GUIScrollView.h */,
				23D1021316E7DA02008193AA /* GUISpreadsheet.cpp */,
				23D1021416E7DA02008193AA /* GUISpreadsheet.h */,
				23D1021516E7DA02008193AA /* GUITextViews.cpp */,
				23D1021616E7DA02008193AA /* GUITextViews.h */,
				23D1021716E7DA02008193AA /* GUITimer.cpp */,
				23D1021816E7DA02008193AA /* GUITimer.h */,
				23D1021916E7DA02008193AA /* GUIUtility.cpp */,
				23D1021A16E7DA02008193AA /* GUIUtility.h */,
				23D1021B16E7DA02008193AA /* GUIValBox.cpp */,
				23D1021C16E7DA02008193AA /* GUIValBox.h */,
				23D1021D16E7DA02008193AA /* GUIView.cpp */,
				23D1021E16E7DA02008193AA /* GUIView.h */,
				23D1021F16E7DA02008193AA /* GUIWindow.cpp */,
				23D1022016E7DA02008193AA /* GUIWindow.h */,
				23D1022116E7DA02008193AA /* includes */,
				23D1022216E7DA02008193AA /* Letter.cpp */,
				23D1022316E7DA02008193AA /* Letter.h */,
				23D1022416E7DA02008193AA /* Makefile */,
				23D1022516E7DA02008193AA /* NathanSingleton.h */,
				23D1022616E7DA02008193AA /* NewNewGUITextView.cpp */,
				23D1022716E7DA02008193AA /* NewNewGUITextView.h */,
				23D1022816E7DA02008193AA /* Ptr_config.h */,
				23D1022916E7DA02008193AA /* SDL_image.framework */,
				23D1022A16E7DA02008193AA /* SDL_mixer.framework */,
				23D1022B16E7DA02008193AA /* SDL_ttf.framework */,
				23D1022C16E7DA02008193AA /* SDL.framework */,
				23D1022D16E7DA02008193AA /* SDLMain.h */,
				23D1022E16E7DA02008193AA /* SDLMain.m */,
			);
			path = gui;
			sourceTree = "<group>";
		};
/* End PBXGroup section */

/* Begin PBXNativeTarget section */
		233B5F631685AF2C006A6E31 /* Window_Renderer */ = {
			isa = PBXNativeTarget;
			buildConfigurationList = 233B5F791685AF2D006A6E31 /* Build configuration list for PBXNativeTarget "Window_Renderer" */;
			buildPhases = (
				233B5F601685AF2C006A6E31 /* Sources */,
				233B5F611685AF2C006A6E31 /* Frameworks */,
				233B5F621685AF2C006A6E31 /* Resources */,
			);
			buildRules = (
			);
			dependencies = (
			);
			name = Window_Renderer;
			productName = Window_Renderer;
			productReference = 233B5F641685AF2C006A6E31 /* Window_Renderer.app */;
			productType = "com.apple.product-type.application";
		};
		234A801315E6C6DD00C4AFBC /* Deep */ = {
			isa = PBXNativeTarget;
			buildConfigurationList = 234A803215E6C6DE00C4AFBC /* Build configuration list for PBXNativeTarget "Deep" */;
			buildPhases = (
				234A801015E6C6DD00C4AFBC /* Sources */,
				234A801115E6C6DD00C4AFBC /* Frameworks */,
				234A801215E6C6DD00C4AFBC /* Resources */,
				2390F1EE15E6C75E00A0B545 /* CopyFiles */,
			);
			buildRules = (
			);
			dependencies = (
			);
			name = Deep;
			productName = Deep;
			productReference = 234A801415E6C6DD00C4AFBC /* Deep.app */;
			productType = "com.apple.product-type.application";
		};
/* End PBXNativeTarget section */

/* Begin PBXProject section */
		234A800B15E6C6DD00C4AFBC /* Project object */ = {
			isa = PBXProject;
			attributes = {
				LastUpgradeCheck = 0420;
				ORGANIZATIONNAME = "Lions Entertainment";
			};
			buildConfigurationList = 234A800E15E6C6DD00C4AFBC /* Build configuration list for PBXProject "Deep" */;
			compatibilityVersion = "Xcode 3.2";
			developmentRegion = English;
			hasScannedForEncodings = 0;
			knownRegions = (
				en,
			);
			mainGroup = 234A800915E6C6DD00C4AFBC;
			productRefGroup = 234A801515E6C6DD00C4AFBC /* Products */;
			projectDirPath = "";
			projectRoot = "";
			targets = (
				234A801315E6C6DD00C4AFBC /* Deep */,
				233B5F631685AF2C006A6E31 /* Window_Renderer */,
			);
		};
/* End PBXProject section */

/* Begin PBXResourcesBuildPhase section */
		233B5F621685AF2C006A6E31 /* Resources */ = {
			isa = PBXResourcesBuildPhase;
			buildActionMask = 2147483647;
			files = (
			);
			runOnlyForDeploymentPostprocessing = 0;
		};
		234A801215E6C6DD00C4AFBC /* Resources */ = {
			isa = PBXResourcesBuildPhase;
			buildActionMask = 2147483647;
			files = (
				234A802315E6C6DE00C4AFBC /* InfoPlist.strings in Resources */,
				234A802915E6C6DE00C4AFBC /* Credits.rtf in Resources */,
				23A3DD6E15E6F0160014DE2F /* images in Resources */,
				23A3DD8E15E6F9CC0014DE2F /* fonts in Resources */,
				23D1023416E7DA02008193AA /* GUIFonts in Resources */,
				23D1023716E7DA02008193AA /* GUIImages in Resources */,
				23D1024316E7DA02008193AA /* includes in Resources */,
			);
			runOnlyForDeploymentPostprocessing = 0;
		};
/* End PBXResourcesBuildPhase section */

/* Begin PBXSourcesBuildPhase section */
		233B5F601685AF2C006A6E31 /* Sources */ = {
			isa = PBXSourcesBuildPhase;
			buildActionMask = 2147483647;
			files = (
			);
			runOnlyForDeploymentPostprocessing = 0;
		};
		234A801015E6C6DD00C4AFBC /* Sources */ = {
			isa = PBXSourcesBuildPhase;
			buildActionMask = 2147483647;
			files = (
				230D7D87167DA17000EE89AA /* cat_face.cpp in Sources */,
				233FEF9A168FDEDE003FCFE3 /* main.cpp in Sources */,
				233FEF9B168FE00D003FCFE3 /* octave_plot.cpp in Sources */,
				233FEF9E168FE022003FCFE3 /* NathanSocket.cpp in Sources */,
				23D1022F16E7DA02008193AA /* Compatibility.cpp in Sources */,
				23D1023016E7DA02008193AA /* GameDisplay.cpp in Sources */,
				23D1023116E7DA02008193AA /* GUIApp.cpp in Sources */,
				23D1023216E7DA02008193AA /* GUIAudio.cpp in Sources */,
				23D1023316E7DA02008193AA /* GUIController.cpp in Sources */,
				23D1023516E7DA02008193AA /* GUIImage.cpp in Sources */,
				23D1023616E7DA02008193AA /* GUIImageCache.cpp in Sources */,
				23D1023816E7DA02008193AA /* GUIImageView.cpp in Sources */,
				23D1023916E7DA02008193AA /* GUILetter.cpp in Sources */,
				23D1023A16E7DA02008193AA /* GUIMsg.cpp in Sources */,
				23D1023B16E7DA02008193AA /* GUIScrollView.cpp in Sources */,
				23D1023C16E7DA02008193AA /* GUISpreadsheet.cpp in Sources */,
				23D1023D16E7DA02008193AA /* GUITextViews.cpp in Sources */,
				23D1023E16E7DA02008193AA /* GUITimer.cpp in Sources */,
				23D1023F16E7DA02008193AA /* GUIUtility.cpp in Sources */,
				23D1024016E7DA02008193AA /* GUIValBox.cpp in Sources */,
				23D1024116E7DA02008193AA /* GUIView.cpp in Sources */,
				23D1024216E7DA02008193AA /* GUIWindow.cpp in Sources */,
				23D1024416E7DA02008193AA /* Letter.cpp in Sources */,
				23D1024516E7DA02008193AA /* Makefile in Sources */,
				23D1024616E7DA02008193AA /* NewNewGUITextView.cpp in Sources */,
				23D1024B16E7DA02008193AA /* SDLMain.m in Sources */,
			);
			runOnlyForDeploymentPostprocessing = 0;
		};
/* End PBXSourcesBuildPhase section */

/* Begin PBXVariantGroup section */
		234A802115E6C6DE00C4AFBC /* InfoPlist.strings */ = {
			isa = PBXVariantGroup;
			children = (
				234A802215E6C6DE00C4AFBC /* en */,
			);
			name = InfoPlist.strings;
			sourceTree = "<group>";
		};
		234A802715E6C6DE00C4AFBC /* Credits.rtf */ = {
			isa = PBXVariantGroup;
			children = (
				234A802815E6C6DE00C4AFBC /* en */,
			);
			name = Credits.rtf;
			sourceTree = "<group>";
		};
/* End PBXVariantGroup section */

/* Begin XCBuildConfiguration section */
		233B5F7A1685AF2D006A6E31 /* Debug */ = {
			isa = XCBuildConfiguration;
			buildSettings = {
				GCC_PRECOMPILE_PREFIX_HEADER = YES;
				GCC_PREFIX_HEADER = "Window_Renderer/Window_Renderer-Prefix.pch";
				INFOPLIST_FILE = "Window_Renderer/Window_Renderer-Info.plist";
				PRODUCT_NAME = "$(TARGET_NAME)";
				WRAPPER_EXTENSION = app;
			};
			name = Debug;
		};
		233B5F7B1685AF2D006A6E31 /* Release */ = {
			isa = XCBuildConfiguration;
			buildSettings = {
				GCC_PRECOMPILE_PREFIX_HEADER = YES;
				GCC_PREFIX_HEADER = "Window_Renderer/Window_Renderer-Prefix.pch";
				INFOPLIST_FILE = "Window_Renderer/Window_Renderer-Info.plist";
				PRODUCT_NAME = "$(TARGET_NAME)";
				WRAPPER_EXTENSION = app;
			};
			name = Release;
		};
		234A803015E6C6DE00C4AFBC /* Debug */ = {
			isa = XCBuildConfiguration;
			buildSettings = {
				ALWAYS_SEARCH_USER_PATHS = NO;
				ARCHS = "$(ARCHS_STANDARD_64_BIT)";
				COPY_PHASE_STRIP = NO;
				GCC_C_LANGUAGE_STANDARD = gnu99;
				GCC_DYNAMIC_NO_PIC = NO;
				GCC_ENABLE_OBJC_EXCEPTIONS = YES;
				GCC_OPTIMIZATION_LEVEL = 0;
				GCC_PREPROCESSOR_DEFINITIONS = (
					"DEBUG=1",
					"$(inherited)",
				);
				GCC_SYMBOLS_PRIVATE_EXTERN = NO;
				GCC_VERSION = com.apple.compilers.llvm.clang.1_0;
				GCC_WARN_64_TO_32_BIT_CONVERSION = YES;
				GCC_WARN_ABOUT_MISSING_PROTOTYPES = YES;
				GCC_WARN_ABOUT_RETURN_TYPE = YES;
				GCC_WARN_UNUSED_VARIABLE = YES;
				MACOSX_DEPLOYMENT_TARGET = 10.6;
				ONLY_ACTIVE_ARCH = YES;
				SDKROOT = macosx;
			};
			name = Debug;
		};
		234A803115E6C6DE00C4AFBC /* Release */ = {
			isa = XCBuildConfiguration;
			buildSettings = {
				ALWAYS_SEARCH_USER_PATHS = NO;
				ARCHS = "$(ARCHS_STANDARD_64_BIT)";
				COPY_PHASE_STRIP = YES;
				DEBUG_INFORMATION_FORMAT = "dwarf-with-dsym";
				GCC_C_LANGUAGE_STANDARD = gnu99;
				GCC_ENABLE_OBJC_EXCEPTIONS = YES;
				GCC_VERSION = com.apple.compilers.llvm.clang.1_0;
				GCC_WARN_64_TO_32_BIT_CONVERSION = YES;
				GCC_WARN_ABOUT_MISSING_PROTOTYPES = YES;
				GCC_WARN_ABOUT_RETURN_TYPE = YES;
				GCC_WARN_UNUSED_VARIABLE = YES;
				MACOSX_DEPLOYMENT_TARGET = 10.6;
				SDKROOT = macosx;
			};
			name = Release;
		};
		234A803315E6C6DE00C4AFBC /* Debug */ = {
			isa = XCBuildConfiguration;
			buildSettings = {
				FRAMEWORK_SEARCH_PATHS = (
					"$(inherited)",
					"\"$(SRCROOT)/deep/gui\"",
				);
				GCC_PRECOMPILE_PREFIX_HEADER = YES;
				GCC_PREFIX_HEADER = "Deep/Deep-Prefix.pch";
				INFOPLIST_FILE = "Deep/Deep-Info.plist";
				PRODUCT_NAME = "$(TARGET_NAME)";
				WRAPPER_EXTENSION = app;
			};
			name = Debug;
		};
		234A803415E6C6DE00C4AFBC /* Release */ = {
			isa = XCBuildConfiguration;
			buildSettings = {
				FRAMEWORK_SEARCH_PATHS = (
					"$(inherited)",
					"\"$(SRCROOT)/deep/gui\"",
				);
				GCC_PRECOMPILE_PREFIX_HEADER = YES;
				GCC_PREFIX_HEADER = "Deep/Deep-Prefix.pch";
				INFOPLIST_FILE = "Deep/Deep-Info.plist";
				PRODUCT_NAME = "$(TARGET_NAME)";
				WRAPPER_EXTENSION = app;
			};
			name = Release;
		};
/* End XCBuildConfiguration section */

/* Begin XCConfigurationList section */
		233B5F791685AF2D006A6E31 /* Build configuration list for PBXNativeTarget "Window_Renderer" */ = {
			isa = XCConfigurationList;
			buildConfigurations = (
				233B5F7A1685AF2D006A6E31 /* Debug */,
				233B5F7B1685AF2D006A6E31 /* Release */,
			);
			defaultConfigurationIsVisible = 0;
			defaultConfigurationName = Release;
		};
		234A800E15E6C6DD00C4AFBC /* Build configuration list for PBXProject "Deep" */ = {
			isa = XCConfigurationList;
			buildConfigurations = (
				234A803015E6C6DE00C4AFBC /* Debug */,
				234A803115E6C6DE00C4AFBC /* Release */,
			);
			defaultConfigurationIsVisible = 0;
			defaultConfigurationName = Release;
		};
		234A803215E6C6DE00C4AFBC /* Build configuration list for PBXNativeTarget "Deep" */ = {
			isa = XCConfigurationList;
			buildConfigurations = (
				234A803315E6C6DE00C4AFBC /* Debug */,
				234A803415E6C6DE00C4AFBC /* Release */,
			);
			defaultConfigurationIsVisible = 0;
			defaultConfigurationName = Release;
		};
/* End XCConfigurationList section */
	};
	rootObject = 234A800B15E6C6DD00C4AFBC /* Project object */;
}
